// !$*UTF8*$!
{
	archiveVersion = 1;
	classes = {
	};
	objectVersion = 51;
	objects = {

/* Begin PBXBuildFile section */
		0E318B83259C5FA70064748F /* NTESMeetingViewController.m in Sources */ = {isa = PBXBuildFile; fileRef = 0E318B82259C5FA70064748F /* NTESMeetingViewController.m */; };
		0E318BA1259C80610064748F /* UIDevice+Orientation.m in Sources */ = {isa = PBXBuildFile; fileRef = 0E318BA0259C80610064748F /* UIDevice+Orientation.m */; };
		0E6894702599DC8F008B15BE /* AppDelegate.m in Sources */ = {isa = PBXBuildFile; fileRef = 0E68946F2599DC8F008B15BE /* AppDelegate.m */; };
		0E6894762599DC8F008B15BE /* ViewController.m in Sources */ = {isa = PBXBuildFile; fileRef = 0E6894752599DC8F008B15BE /* ViewController.m */; };
		0E6894792599DC8F008B15BE /* Main.storyboard in Resources */ = {isa = PBXBuildFile; fileRef = 0E6894772599DC8F008B15BE /* Main.storyboard */; };
		0E68947B2599DC8F008B15BE /* Assets.xcassets in Resources */ = {isa = PBXBuildFile; fileRef = 0E68947A2599DC8F008B15BE /* Assets.xcassets */; };
		0E68947E2599DC8F008B15BE /* LaunchScreen.storyboard in Resources */ = {isa = PBXBuildFile; fileRef = 0E68947C2599DC8F008B15BE /* LaunchScreen.storyboard */; };
		0E6894812599DC8F008B15BE /* main.m in Sources */ = {isa = PBXBuildFile; fileRef = 0E6894802599DC8F008B15BE /* main.m */; };
		0E689567259A075B008B15BE /* NTESGlobalMacro.m in Sources */ = {isa = PBXBuildFile; fileRef = 0E689566259A075B008B15BE /* NTESGlobalMacro.m */; };
		0E9FE0C2259B226F0055C802 /* NMCWhiteboard.h in Headers */ = {isa = PBXBuildFile; fileRef = 0E9FE0B2259B226F0055C802 /* NMCWhiteboard.h */; settings = {ATTRIBUTES = (Public, ); }; };
		0E9FE431259B534C0055C802 /* UIViewController+Swizzling.m in Sources */ = {isa = PBXBuildFile; fileRef = 0E9FE302259B534B0055C802 /* UIViewController+Swizzling.m */; };
		0E9FE432259B534C0055C802 /* UINavigationBar+Swizzling.m in Sources */ = {isa = PBXBuildFile; fileRef = 0E9FE304259B534B0055C802 /* UINavigationBar+Swizzling.m */; };
		0E9FE433259B534C0055C802 /* UINavigationController+Swizzling.m in Sources */ = {isa = PBXBuildFile; fileRef = 0E9FE305259B534B0055C802 /* UINavigationController+Swizzling.m */; };
		0E9FE434259B534C0055C802 /* NTESNavigationAnimator.m in Sources */ = {isa = PBXBuildFile; fileRef = 0E9FE306259B534B0055C802 /* NTESNavigationAnimator.m */; };
		0E9FE435259B534C0055C802 /* UINavigationItem+Swizzling.m in Sources */ = {isa = PBXBuildFile; fileRef = 0E9FE308259B534B0055C802 /* UINavigationItem+Swizzling.m */; };
		0E9FE436259B534C0055C802 /* UIView+Swizzling.m in Sources */ = {isa = PBXBuildFile; fileRef = 0E9FE30A259B534B0055C802 /* UIView+Swizzling.m */; };
		0E9FE437259B534C0055C802 /* NTESNavigationHandler.m in Sources */ = {isa = PBXBuildFile; fileRef = 0E9FE30F259B534B0055C802 /* NTESNavigationHandler.m */; };
		0E9FE438259B534C0055C802 /* NTESCommonTableDelegate.m in Sources */ = {isa = PBXBuildFile; fileRef = 0E9FE312259B534B0055C802 /* NTESCommonTableDelegate.m */; };
		0E9FE439259B534C0055C802 /* NTESCommonTableData.m in Sources */ = {isa = PBXBuildFile; fileRef = 0E9FE314259B534B0055C802 /* NTESCommonTableData.m */; };
		0E9FE43A259B534C0055C802 /* NTESAvatarImageView.m in Sources */ = {isa = PBXBuildFile; fileRef = 0E9FE317259B534B0055C802 /* NTESAvatarImageView.m */; };
		0E9FE43B259B534C0055C802 /* NTESTextSettingCell.m in Sources */ = {isa = PBXBuildFile; fileRef = 0E9FE318259B534B0055C802 /* NTESTextSettingCell.m */; };
		0E9FE43C259B534C0055C802 /* NTESBadgeView.m in Sources */ = {isa = PBXBuildFile; fileRef = 0E9FE319259B534B0055C802 /* NTESBadgeView.m */; };
		0E9FE43D259B534C0055C802 /* NTESPageView.m in Sources */ = {isa = PBXBuildFile; fileRef = 0E9FE31A259B534B0055C802 /* NTESPageView.m */; };
		0E9FE43E259B534C0055C802 /* NTESMarginButton.m in Sources */ = {isa = PBXBuildFile; fileRef = 0E9FE322259B534B0055C802 /* NTESMarginButton.m */; };
		0E9FE43F259B534C0055C802 /* NTESFPSLabel.m in Sources */ = {isa = PBXBuildFile; fileRef = 0E9FE323259B534B0055C802 /* NTESFPSLabel.m */; };
		0E9FE440259B534C0055C802 /* NTESPageContext.m in Sources */ = {isa = PBXBuildFile; fileRef = 0E9FE326259B534B0055C802 /* NTESPageContext.m */; };
		0E9FE441259B534C0055C802 /* NTESLoginViewController.xib in Resources */ = {isa = PBXBuildFile; fileRef = 0E9FE328259B534B0055C802 /* NTESLoginViewController.xib */; };
		0E9FE442259B534C0055C802 /* NTESEnterRoomViewController.m in Sources */ = {isa = PBXBuildFile; fileRef = 0E9FE329259B534B0055C802 /* NTESEnterRoomViewController.m */; };
		0E9FE443259B534C0055C802 /* NTESRegisterViewController.m in Sources */ = {isa = PBXBuildFile; fileRef = 0E9FE32A259B534B0055C802 /* NTESRegisterViewController.m */; };
		0E9FE444259B534C0055C802 /* NTESLoginViewController.m in Sources */ = {isa = PBXBuildFile; fileRef = 0E9FE32B259B534B0055C802 /* NTESLoginViewController.m */; };
		0E9FE445259B534C0055C802 /* NTESEnterRoomViewController.xib in Resources */ = {isa = PBXBuildFile; fileRef = 0E9FE32C259B534B0055C802 /* NTESEnterRoomViewController.xib */; };
		0E9FE446259B534C0055C802 /* NTESRegisterViewController.xib in Resources */ = {isa = PBXBuildFile; fileRef = 0E9FE32F259B534B0055C802 /* NTESRegisterViewController.xib */; };
		0E9FE447259B534C0055C802 /* NTESDemoService.m in Sources */ = {isa = PBXBuildFile; fileRef = 0E9FE337259B534B0055C802 /* NTESDemoService.m */; };
		0E9FE448259B534C0055C802 /* NTESDemoCreateMeetingTask.m in Sources */ = {isa = PBXBuildFile; fileRef = 0E9FE338259B534B0055C802 /* NTESDemoCreateMeetingTask.m */; };
		0E9FE449259B534C0055C802 /* NTESDemoRegisterTask.m in Sources */ = {isa = PBXBuildFile; fileRef = 0E9FE339259B534B0055C802 /* NTESDemoRegisterTask.m */; };
		0E9FE44A259B534C0055C802 /* NTESLoginManager.m in Sources */ = {isa = PBXBuildFile; fileRef = 0E9FE33B259B534B0055C802 /* NTESLoginManager.m */; };
		0E9FE44B259B534C0055C802 /* NTESDemoCloseMeetingTask.m in Sources */ = {isa = PBXBuildFile; fileRef = 0E9FE33C259B534B0055C802 /* NTESDemoCloseMeetingTask.m */; };
		0E9FE44C259B534C0055C802 /* UIView+NTES.m in Sources */ = {isa = PBXBuildFile; fileRef = 0E9FE33E259B534B0055C802 /* UIView+NTES.m */; };
		0E9FE44D259B534C0055C802 /* NSData+NTES.m in Sources */ = {isa = PBXBuildFile; fileRef = 0E9FE340259B534B0055C802 /* NSData+NTES.m */; };
		0E9FE44E259B534C0055C802 /* UIResponder+NTESFirstResponder.m in Sources */ = {isa = PBXBuildFile; fileRef = 0E9FE344259B534B0055C802 /* UIResponder+NTESFirstResponder.m */; };
		0E9FE44F259B534C0055C802 /* UIActionSheet+NTESBlock.m in Sources */ = {isa = PBXBuildFile; fileRef = 0E9FE346259B534B0055C802 /* UIActionSheet+NTESBlock.m */; };
		0E9FE450259B534C0055C802 /* UIScrollView+NTESPullToRefresh.m in Sources */ = {isa = PBXBuildFile; fileRef = 0E9FE348259B534B0055C802 /* UIScrollView+NTESPullToRefresh.m */; };
		0E9FE451259B534C0055C802 /* NSString+NTES.m in Sources */ = {isa = PBXBuildFile; fileRef = 0E9FE349259B534B0055C802 /* NSString+NTES.m */; };
		0E9FE452259B534C0055C802 /* UIImage+NTES.m in Sources */ = {isa = PBXBuildFile; fileRef = 0E9FE34A259B534B0055C802 /* UIImage+NTES.m */; };
		0E9FE453259B534C0055C802 /* UIAlertView+NTESBlock.m in Sources */ = {isa = PBXBuildFile; fileRef = 0E9FE34C259B534B0055C802 /* UIAlertView+NTESBlock.m */; };
		0E9FE454259B534C0055C802 /* UIScrollView+NTESDirection.m in Sources */ = {isa = PBXBuildFile; fileRef = 0E9FE34F259B534B0055C802 /* UIScrollView+NTESDirection.m */; };
		0E9FE455259B534C0055C802 /* NSDictionary+NTESJson.m in Sources */ = {isa = PBXBuildFile; fileRef = 0E9FE350259B534B0055C802 /* NSDictionary+NTESJson.m */; };
		0E9FE456259B534C0055C802 /* UIViewController+NTES.m in Sources */ = {isa = PBXBuildFile; fileRef = 0E9FE353259B534B0055C802 /* UIViewController+NTES.m */; };
		0E9FE457259B534C0055C802 /* UIImage+NTESColor.m in Sources */ = {isa = PBXBuildFile; fileRef = 0E9FE355259B534B0055C802 /* UIImage+NTESColor.m */; };
		0E9FE458259B534C0055C802 /* NTESUserUtil.m in Sources */ = {isa = PBXBuildFile; fileRef = 0E9FE357259B534B0055C802 /* NTESUserUtil.m */; };
		0E9FE459259B534C0055C802 /* NTESSessionUtil.m in Sources */ = {isa = PBXBuildFile; fileRef = 0E9FE35B259B534B0055C802 /* NTESSessionUtil.m */; };
		0E9FE45A259B534C0055C802 /* NTESLogViewController.xib in Resources */ = {isa = PBXBuildFile; fileRef = 0E9FE35C259B534B0055C802 /* NTESLogViewController.xib */; };
		0E9FE45B259B534C0055C802 /* NTESClientUtil.m in Sources */ = {isa = PBXBuildFile; fileRef = 0E9FE35D259B534B0055C802 /* NTESClientUtil.m */; };
		0E9FE45C259B534C0055C802 /* NTESCADisplayLinkHolder.m in Sources */ = {isa = PBXBuildFile; fileRef = 0E9FE361259B534B0055C802 /* NTESCADisplayLinkHolder.m */; };
		0E9FE45D259B534C0055C802 /* NTESLogViewController.m in Sources */ = {isa = PBXBuildFile; fileRef = 0E9FE362259B534B0055C802 /* NTESLogViewController.m */; };
		0E9FE45E259B534C0055C802 /* NTESDevice.m in Sources */ = {isa = PBXBuildFile; fileRef = 0E9FE363259B534B0055C802 /* NTESDevice.m */; };
		0E9FE45F259B534C0055C802 /* NTESLogManager.m in Sources */ = {isa = PBXBuildFile; fileRef = 0E9FE365259B534B0055C802 /* NTESLogManager.m */; };
		0E9FE460259B534C0055C802 /* NTESService.m in Sources */ = {isa = PBXBuildFile; fileRef = 0E9FE366259B534B0055C802 /* NTESService.m */; };
		0E9FE461259B534C0055C802 /* NTESFileLocationHelper.m in Sources */ = {isa = PBXBuildFile; fileRef = 0E9FE368259B534B0055C802 /* NTESFileLocationHelper.m */; };
		0E9FE463259B534C0055C802 /* NTESTimerHolder.m in Sources */ = {isa = PBXBuildFile; fileRef = 0E9FE36F259B534B0055C802 /* NTESTimerHolder.m */; };
		0E9FE464259B534C0055C802 /* NTESDemoConfig.m in Sources */ = {isa = PBXBuildFile; fileRef = 0E9FE370259B534B0055C802 /* NTESDemoConfig.m */; };
		0E9FE465259B534C0055C802 /* NTESPinyinConverter.m in Sources */ = {isa = PBXBuildFile; fileRef = 0E9FE372259B534B0055C802 /* NTESPinyinConverter.m */; };
		0E9FE466259B534C0055C802 /* NTESSpellingCenter.m in Sources */ = {isa = PBXBuildFile; fileRef = 0E9FE374259B534B0055C802 /* NTESSpellingCenter.m */; };
		0EB3F9EE259D659300435BD5 /* NMCWhiteboard.framework in Frameworks */ = {isa = PBXBuildFile; fileRef = 0E9FE0B0259B226F0055C802 /* NMCWhiteboard.framework */; };
		0EB3F9EF259D659300435BD5 /* NMCWhiteboard.framework in Embed Frameworks */ = {isa = PBXBuildFile; fileRef = 0E9FE0B0259B226F0055C802 /* NMCWhiteboard.framework */; settings = {ATTRIBUTES = (CodeSignOnCopy, RemoveHeadersOnCopy, ); }; };
		0EB3FA10259D665C00435BD5 /* NMCCallNativeMethodMessageHandler.h in Headers */ = {isa = PBXBuildFile; fileRef = 0EB3FA01259D665C00435BD5 /* NMCCallNativeMethodMessageHandler.h */; };
		0EB3FA11259D665C00435BD5 /* NMCCallWebMethodMessageHandler.m in Sources */ = {isa = PBXBuildFile; fileRef = 0EB3FA02259D665C00435BD5 /* NMCCallWebMethodMessageHandler.m */; };
		0EB3FA12259D665C00435BD5 /* NMCWebView.h in Headers */ = {isa = PBXBuildFile; fileRef = 0EB3FA03259D665C00435BD5 /* NMCWebView.h */; };
		0EB3FA13259D665C00435BD5 /* NMCMessageHandlerDispatch.m in Sources */ = {isa = PBXBuildFile; fileRef = 0EB3FA04259D665C00435BD5 /* NMCMessageHandlerDispatch.m */; };
		0EB3FA14259D665C00435BD5 /* NMCWebViewHeader.h in Headers */ = {isa = PBXBuildFile; fileRef = 0EB3FA05259D665C00435BD5 /* NMCWebViewHeader.h */; };
		0EB3FA15259D665C00435BD5 /* NMCWhiteboardManager.m in Sources */ = {isa = PBXBuildFile; fileRef = 0EB3FA06259D665C00435BD5 /* NMCWhiteboardManager.m */; };
		0EB3FA16259D665C00435BD5 /* NMCWebView.bundle in Resources */ = {isa = PBXBuildFile; fileRef = 0EB3FA07259D665C00435BD5 /* NMCWebView.bundle */; };
		0EB3FA17259D665C00435BD5 /* NMCWebLoginParam.m in Sources */ = {isa = PBXBuildFile; fileRef = 0EB3FA08259D665C00435BD5 /* NMCWebLoginParam.m */; };
		0EB3FA18259D665C00435BD5 /* NMCCallWebMethodMessageHandler.h in Headers */ = {isa = PBXBuildFile; fileRef = 0EB3FA09259D665C00435BD5 /* NMCCallWebMethodMessageHandler.h */; };
		0EB3FA19259D665C00435BD5 /* NMCCallNativeMethodMessageHandler.m in Sources */ = {isa = PBXBuildFile; fileRef = 0EB3FA0A259D665C00435BD5 /* NMCCallNativeMethodMessageHandler.m */; };
		0EB3FA1A259D665C00435BD5 /* NMCWhiteboardManagerProtocol.h in Headers */ = {isa = PBXBuildFile; fileRef = 0EB3FA0B259D665C00435BD5 /* NMCWhiteboardManagerProtocol.h */; };
		0EB3FA1B259D665C00435BD5 /* NMCWebView.m in Sources */ = {isa = PBXBuildFile; fileRef = 0EB3FA0C259D665C00435BD5 /* NMCWebView.m */; };
		0EB3FA1C259D665C00435BD5 /* NMCWhiteboardManager.h in Headers */ = {isa = PBXBuildFile; fileRef = 0EB3FA0D259D665C00435BD5 /* NMCWhiteboardManager.h */; };
		0EB3FA1D259D665C00435BD5 /* NMCMessageHandlerDispatch.h in Headers */ = {isa = PBXBuildFile; fileRef = 0EB3FA0E259D665C00435BD5 /* NMCMessageHandlerDispatch.h */; };
		0EB3FA34259D785D00435BD5 /* NTESHeaderView.m in Sources */ = {isa = PBXBuildFile; fileRef = 0EB3FA33259D785D00435BD5 /* NTESHeaderView.m */; };
		0EC29A3225AF2B700012EC40 /* NTESRegisterLoginService.m in Sources */ = {isa = PBXBuildFile; fileRef = 0EC29A3125AF2B700012EC40 /* NTESRegisterLoginService.m */; };
		59382BC4D4290B0CC925721E /* libPods-NIMWhiteBoardWebDemo.a in Frameworks */ = {isa = PBXBuildFile; fileRef = D7104F1A72F8A58ACA31A96F /* libPods-NIMWhiteBoardWebDemo.a */; };
/* End PBXBuildFile section */

/* Begin PBXContainerItemProxy section */
		0EB3F9F0259D659300435BD5 /* PBXContainerItemProxy */ = {
			isa = PBXContainerItemProxy;
			containerPortal = 0E6894632599DC8F008B15BE /* Project object */;
			proxyType = 1;
			remoteGlobalIDString = 0E9FE0AF259B226F0055C802;
			remoteInfo = NMCWhiteboard;
		};
/* End PBXContainerItemProxy section */

/* Begin PBXCopyFilesBuildPhase section */
		0E6894C72599DCA3008B15BE /* Embed Frameworks */ = {
			isa = PBXCopyFilesBuildPhase;
			buildActionMask = 2147483647;
			dstPath = "";
			dstSubfolderSpec = 10;
			files = (
				0EB3F9EF259D659300435BD5 /* NMCWhiteboard.framework in Embed Frameworks */,
			);
			name = "Embed Frameworks";
			runOnlyForDeploymentPostprocessing = 0;
		};
/* End PBXCopyFilesBuildPhase section */

/* Begin PBXFileReference section */
		0E318B81259C5FA70064748F /* NTESMeetingViewController.h */ = {isa = PBXFileReference; lastKnownFileType = sourcecode.c.h; path = NTESMeetingViewController.h; sourceTree = "<group>"; };
		0E318B82259C5FA70064748F /* NTESMeetingViewController.m */ = {isa = PBXFileReference; lastKnownFileType = sourcecode.c.objc; path = NTESMeetingViewController.m; sourceTree = "<group>"; };
		0E318B9F259C80610064748F /* UIDevice+Orientation.h */ = {isa = PBXFileReference; lastKnownFileType = sourcecode.c.h; path = "UIDevice+Orientation.h"; sourceTree = "<group>"; };
		0E318BA0259C80610064748F /* UIDevice+Orientation.m */ = {isa = PBXFileReference; lastKnownFileType = sourcecode.c.objc; path = "UIDevice+Orientation.m"; sourceTree = "<group>"; };
		0E33442625AFE73600DBA966 /* NMCWebLoginParam.h */ = {isa = PBXFileReference; lastKnownFileType = sourcecode.c.h; path = NMCWebLoginParam.h; sourceTree = "<group>"; };
		0E68946B2599DC8F008B15BE /* NIMWhiteBoardWebDemo.app */ = {isa = PBXFileReference; explicitFileType = wrapper.application; includeInIndex = 0; path = NIMWhiteBoardWebDemo.app; sourceTree = BUILT_PRODUCTS_DIR; };
		0E68946E2599DC8F008B15BE /* AppDelegate.h */ = {isa = PBXFileReference; lastKnownFileType = sourcecode.c.h; path = AppDelegate.h; sourceTree = "<group>"; };
		0E68946F2599DC8F008B15BE /* AppDelegate.m */ = {isa = PBXFileReference; lastKnownFileType = sourcecode.c.objc; path = AppDelegate.m; sourceTree = "<group>"; };
		0E6894742599DC8F008B15BE /* ViewController.h */ = {isa = PBXFileReference; lastKnownFileType = sourcecode.c.h; path = ViewController.h; sourceTree = "<group>"; };
		0E6894752599DC8F008B15BE /* ViewController.m */ = {isa = PBXFileReference; lastKnownFileType = sourcecode.c.objc; path = ViewController.m; sourceTree = "<group>"; };
		0E6894782599DC8F008B15BE /* Base */ = {isa = PBXFileReference; lastKnownFileType = file.storyboard; name = Base; path = Base.lproj/Main.storyboard; sourceTree = "<group>"; };
		0E68947A2599DC8F008B15BE /* Assets.xcassets */ = {isa = PBXFileReference; lastKnownFileType = folder.assetcatalog; path = Assets.xcassets; sourceTree = "<group>"; };
		0E68947D2599DC8F008B15BE /* Base */ = {isa = PBXFileReference; lastKnownFileType = file.storyboard; name = Base; path = Base.lproj/LaunchScreen.storyboard; sourceTree = "<group>"; };
		0E68947F2599DC8F008B15BE /* Info.plist */ = {isa = PBXFileReference; lastKnownFileType = text.plist.xml; path = Info.plist; sourceTree = "<group>"; };
		0E6894802599DC8F008B15BE /* main.m */ = {isa = PBXFileReference; lastKnownFileType = sourcecode.c.objc; path = main.m; sourceTree = "<group>"; };
		0E689565259A075B008B15BE /* NTESGlobalMacro.h */ = {isa = PBXFileReference; fileEncoding = 4; lastKnownFileType = sourcecode.c.h; path = NTESGlobalMacro.h; sourceTree = "<group>"; };
		0E689566259A075B008B15BE /* NTESGlobalMacro.m */ = {isa = PBXFileReference; fileEncoding = 4; lastKnownFileType = sourcecode.c.objc; path = NTESGlobalMacro.m; sourceTree = "<group>"; };
		0E9FE0B0259B226F0055C802 /* NMCWhiteboard.framework */ = {isa = PBXFileReference; explicitFileType = wrapper.framework; includeInIndex = 0; path = NMCWhiteboard.framework; sourceTree = BUILT_PRODUCTS_DIR; };
		0E9FE0B2259B226F0055C802 /* NMCWhiteboard.h */ = {isa = PBXFileReference; lastKnownFileType = sourcecode.c.h; path = NMCWhiteboard.h; sourceTree = "<group>"; };
		0E9FE0B3259B226F0055C802 /* Info.plist */ = {isa = PBXFileReference; lastKnownFileType = text.plist.xml; path = Info.plist; sourceTree = "<group>"; };
		0E9FE301259B534B0055C802 /* UINavigationItem+Swizzling.h */ = {isa = PBXFileReference; fileEncoding = 4; lastKnownFileType = sourcecode.c.h; path = "UINavigationItem+Swizzling.h"; sourceTree = "<group>"; };
		0E9FE302259B534B0055C802 /* UIViewController+Swizzling.m */ = {isa = PBXFileReference; fileEncoding = 4; lastKnownFileType = sourcecode.c.objc; path = "UIViewController+Swizzling.m"; sourceTree = "<group>"; };
		0E9FE303259B534B0055C802 /* UIView+Swizzling.h */ = {isa = PBXFileReference; fileEncoding = 4; lastKnownFileType = sourcecode.c.h; path = "UIView+Swizzling.h"; sourceTree = "<group>"; };
		0E9FE304259B534B0055C802 /* UINavigationBar+Swizzling.m */ = {isa = PBXFileReference; fileEncoding = 4; lastKnownFileType = sourcecode.c.objc; path = "UINavigationBar+Swizzling.m"; sourceTree = "<group>"; };
		0E9FE305259B534B0055C802 /* UINavigationController+Swizzling.m */ = {isa = PBXFileReference; fileEncoding = 4; lastKnownFileType = sourcecode.c.objc; path = "UINavigationController+Swizzling.m"; sourceTree = "<group>"; };
		0E9FE306259B534B0055C802 /* NTESNavigationAnimator.m */ = {isa = PBXFileReference; fileEncoding = 4; lastKnownFileType = sourcecode.c.objc; path = NTESNavigationAnimator.m; sourceTree = "<group>"; };
		0E9FE307259B534B0055C802 /* NTESNavigationHandler.h */ = {isa = PBXFileReference; fileEncoding = 4; lastKnownFileType = sourcecode.c.h; path = NTESNavigationHandler.h; sourceTree = "<group>"; };
		0E9FE308259B534B0055C802 /* UINavigationItem+Swizzling.m */ = {isa = PBXFileReference; fileEncoding = 4; lastKnownFileType = sourcecode.c.objc; path = "UINavigationItem+Swizzling.m"; sourceTree = "<group>"; };
		0E9FE309259B534B0055C802 /* UINavigationBar+Swizzling.h */ = {isa = PBXFileReference; fileEncoding = 4; lastKnownFileType = sourcecode.c.h; path = "UINavigationBar+Swizzling.h"; sourceTree = "<group>"; };
		0E9FE30A259B534B0055C802 /* UIView+Swizzling.m */ = {isa = PBXFileReference; fileEncoding = 4; lastKnownFileType = sourcecode.c.objc; path = "UIView+Swizzling.m"; sourceTree = "<group>"; };
		0E9FE30B259B534B0055C802 /* SwizzlingDefine.h */ = {isa = PBXFileReference; fileEncoding = 4; lastKnownFileType = sourcecode.c.h; path = SwizzlingDefine.h; sourceTree = "<group>"; };
		0E9FE30C259B534B0055C802 /* UIViewController+Swizzling.h */ = {isa = PBXFileReference; fileEncoding = 4; lastKnownFileType = sourcecode.c.h; path = "UIViewController+Swizzling.h"; sourceTree = "<group>"; };
		0E9FE30D259B534B0055C802 /* NTESNavigationAnimator.h */ = {isa = PBXFileReference; fileEncoding = 4; lastKnownFileType = sourcecode.c.h; path = NTESNavigationAnimator.h; sourceTree = "<group>"; };
		0E9FE30E259B534B0055C802 /* UINavigationController+Swizzling.h */ = {isa = PBXFileReference; fileEncoding = 4; lastKnownFileType = sourcecode.c.h; path = "UINavigationController+Swizzling.h"; sourceTree = "<group>"; };
		0E9FE30F259B534B0055C802 /* NTESNavigationHandler.m */ = {isa = PBXFileReference; fileEncoding = 4; lastKnownFileType = sourcecode.c.objc; path = NTESNavigationHandler.m; sourceTree = "<group>"; };
		0E9FE311259B534B0055C802 /* NTESCommonTableDelegate.h */ = {isa = PBXFileReference; fileEncoding = 4; lastKnownFileType = sourcecode.c.h; path = NTESCommonTableDelegate.h; sourceTree = "<group>"; };
		0E9FE312259B534B0055C802 /* NTESCommonTableDelegate.m */ = {isa = PBXFileReference; fileEncoding = 4; lastKnownFileType = sourcecode.c.objc; path = NTESCommonTableDelegate.m; sourceTree = "<group>"; };
		0E9FE314259B534B0055C802 /* NTESCommonTableData.m */ = {isa = PBXFileReference; fileEncoding = 4; lastKnownFileType = sourcecode.c.objc; path = NTESCommonTableData.m; sourceTree = "<group>"; };
		0E9FE315259B534B0055C802 /* NTESCommonTableData.h */ = {isa = PBXFileReference; fileEncoding = 4; lastKnownFileType = sourcecode.c.h; path = NTESCommonTableData.h; sourceTree = "<group>"; };
		0E9FE317259B534B0055C802 /* NTESAvatarImageView.m */ = {isa = PBXFileReference; fileEncoding = 4; lastKnownFileType = sourcecode.c.objc; path = NTESAvatarImageView.m; sourceTree = "<group>"; };
		0E9FE318259B534B0055C802 /* NTESTextSettingCell.m */ = {isa = PBXFileReference; fileEncoding = 4; lastKnownFileType = sourcecode.c.objc; path = NTESTextSettingCell.m; sourceTree = "<group>"; };
		0E9FE319259B534B0055C802 /* NTESBadgeView.m */ = {isa = PBXFileReference; fileEncoding = 4; lastKnownFileType = sourcecode.c.objc; path = NTESBadgeView.m; sourceTree = "<group>"; };
		0E9FE31A259B534B0055C802 /* NTESPageView.m */ = {isa = PBXFileReference; fileEncoding = 4; lastKnownFileType = sourcecode.c.objc; path = NTESPageView.m; sourceTree = "<group>"; };
		0E9FE31B259B534B0055C802 /* NTESCommonTableViewCell.h */ = {isa = PBXFileReference; fileEncoding = 4; lastKnownFileType = sourcecode.c.h; path = NTESCommonTableViewCell.h; sourceTree = "<group>"; };
		0E9FE31C259B534B0055C802 /* NTESFPSLabel.h */ = {isa = PBXFileReference; fileEncoding = 4; lastKnownFileType = sourcecode.c.h; path = NTESFPSLabel.h; sourceTree = "<group>"; };
		0E9FE31D259B534B0055C802 /* NTESMarginButton.h */ = {isa = PBXFileReference; fileEncoding = 4; lastKnownFileType = sourcecode.c.h; path = NTESMarginButton.h; sourceTree = "<group>"; };
		0E9FE31E259B534B0055C802 /* NTESTextSettingCell.h */ = {isa = PBXFileReference; fileEncoding = 4; lastKnownFileType = sourcecode.c.h; path = NTESTextSettingCell.h; sourceTree = "<group>"; };
		0E9FE31F259B534B0055C802 /* NTESAvatarImageView.h */ = {isa = PBXFileReference; fileEncoding = 4; lastKnownFileType = sourcecode.c.h; path = NTESAvatarImageView.h; sourceTree = "<group>"; };
		0E9FE320259B534B0055C802 /* NTESBadgeView.h */ = {isa = PBXFileReference; fileEncoding = 4; lastKnownFileType = sourcecode.c.h; path = NTESBadgeView.h; sourceTree = "<group>"; };
		0E9FE321259B534B0055C802 /* NTESPageView.h */ = {isa = PBXFileReference; fileEncoding = 4; lastKnownFileType = sourcecode.c.h; path = NTESPageView.h; sourceTree = "<group>"; };
		0E9FE322259B534B0055C802 /* NTESMarginButton.m */ = {isa = PBXFileReference; fileEncoding = 4; lastKnownFileType = sourcecode.c.objc; path = NTESMarginButton.m; sourceTree = "<group>"; };
		0E9FE323259B534B0055C802 /* NTESFPSLabel.m */ = {isa = PBXFileReference; fileEncoding = 4; lastKnownFileType = sourcecode.c.objc; path = NTESFPSLabel.m; sourceTree = "<group>"; };
		0E9FE325259B534B0055C802 /* NTESPageContext.h */ = {isa = PBXFileReference; fileEncoding = 4; lastKnownFileType = sourcecode.c.h; path = NTESPageContext.h; sourceTree = "<group>"; };
		0E9FE326259B534B0055C802 /* NTESPageContext.m */ = {isa = PBXFileReference; fileEncoding = 4; lastKnownFileType = sourcecode.c.objc; path = NTESPageContext.m; sourceTree = "<group>"; };
		0E9FE328259B534B0055C802 /* NTESLoginViewController.xib */ = {isa = PBXFileReference; fileEncoding = 4; lastKnownFileType = file.xib; path = NTESLoginViewController.xib; sourceTree = "<group>"; };
		0E9FE329259B534B0055C802 /* NTESEnterRoomViewController.m */ = {isa = PBXFileReference; fileEncoding = 4; lastKnownFileType = sourcecode.c.objc; path = NTESEnterRoomViewController.m; sourceTree = "<group>"; };
		0E9FE32A259B534B0055C802 /* NTESRegisterViewController.m */ = {isa = PBXFileReference; fileEncoding = 4; lastKnownFileType = sourcecode.c.objc; path = NTESRegisterViewController.m; sourceTree = "<group>"; };
		0E9FE32B259B534B0055C802 /* NTESLoginViewController.m */ = {isa = PBXFileReference; fileEncoding = 4; lastKnownFileType = sourcecode.c.objc; path = NTESLoginViewController.m; sourceTree = "<group>"; };
		0E9FE32C259B534B0055C802 /* NTESEnterRoomViewController.xib */ = {isa = PBXFileReference; fileEncoding = 4; lastKnownFileType = file.xib; path = NTESEnterRoomViewController.xib; sourceTree = "<group>"; };
		0E9FE32D259B534B0055C802 /* NTESRegisterViewController.h */ = {isa = PBXFileReference; fileEncoding = 4; lastKnownFileType = sourcecode.c.h; path = NTESRegisterViewController.h; sourceTree = "<group>"; };
		0E9FE32E259B534B0055C802 /* NTESEnterRoomViewController.h */ = {isa = PBXFileReference; fileEncoding = 4; lastKnownFileType = sourcecode.c.h; path = NTESEnterRoomViewController.h; sourceTree = "<group>"; };
		0E9FE32F259B534B0055C802 /* NTESRegisterViewController.xib */ = {isa = PBXFileReference; fileEncoding = 4; lastKnownFileType = file.xib; path = NTESRegisterViewController.xib; sourceTree = "<group>"; };
		0E9FE330259B534B0055C802 /* NTESLoginViewController.h */ = {isa = PBXFileReference; fileEncoding = 4; lastKnownFileType = sourcecode.c.h; path = NTESLoginViewController.h; sourceTree = "<group>"; };
		0E9FE332259B534B0055C802 /* NTESDemoCreateMeetingTask.h */ = {isa = PBXFileReference; fileEncoding = 4; lastKnownFileType = sourcecode.c.h; path = NTESDemoCreateMeetingTask.h; sourceTree = "<group>"; };
		0E9FE333259B534B0055C802 /* NTESDemoService.h */ = {isa = PBXFileReference; fileEncoding = 4; lastKnownFileType = sourcecode.c.h; path = NTESDemoService.h; sourceTree = "<group>"; };
		0E9FE334259B534B0055C802 /* NTESDemoCloseMeetingTask.h */ = {isa = PBXFileReference; fileEncoding = 4; lastKnownFileType = sourcecode.c.h; path = NTESDemoCloseMeetingTask.h; sourceTree = "<group>"; };
		0E9FE335259B534B0055C802 /* NTESLoginManager.h */ = {isa = PBXFileReference; fileEncoding = 4; lastKnownFileType = sourcecode.c.h; path = NTESLoginManager.h; sourceTree = "<group>"; };
		0E9FE336259B534B0055C802 /* NTESDemoRegisterTask.h */ = {isa = PBXFileReference; fileEncoding = 4; lastKnownFileType = sourcecode.c.h; path = NTESDemoRegisterTask.h; sourceTree = "<group>"; };
		0E9FE337259B534B0055C802 /* NTESDemoService.m */ = {isa = PBXFileReference; fileEncoding = 4; lastKnownFileType = sourcecode.c.objc; path = NTESDemoService.m; sourceTree = "<group>"; };
		0E9FE338259B534B0055C802 /* NTESDemoCreateMeetingTask.m */ = {isa = PBXFileReference; fileEncoding = 4; lastKnownFileType = sourcecode.c.objc; path = NTESDemoCreateMeetingTask.m; sourceTree = "<group>"; };
		0E9FE339259B534B0055C802 /* NTESDemoRegisterTask.m */ = {isa = PBXFileReference; fileEncoding = 4; lastKnownFileType = sourcecode.c.objc; path = NTESDemoRegisterTask.m; sourceTree = "<group>"; };
		0E9FE33A259B534B0055C802 /* NTESDemoServiceTask.h */ = {isa = PBXFileReference; fileEncoding = 4; lastKnownFileType = sourcecode.c.h; path = NTESDemoServiceTask.h; sourceTree = "<group>"; };
		0E9FE33B259B534B0055C802 /* NTESLoginManager.m */ = {isa = PBXFileReference; fileEncoding = 4; lastKnownFileType = sourcecode.c.objc; path = NTESLoginManager.m; sourceTree = "<group>"; };
		0E9FE33C259B534B0055C802 /* NTESDemoCloseMeetingTask.m */ = {isa = PBXFileReference; fileEncoding = 4; lastKnownFileType = sourcecode.c.objc; path = NTESDemoCloseMeetingTask.m; sourceTree = "<group>"; };
		0E9FE33E259B534B0055C802 /* UIView+NTES.m */ = {isa = PBXFileReference; fileEncoding = 4; lastKnownFileType = sourcecode.c.objc; path = "UIView+NTES.m"; sourceTree = "<group>"; };
		0E9FE33F259B534B0055C802 /* UIImage+NTES.h */ = {isa = PBXFileReference; fileEncoding = 4; lastKnownFileType = sourcecode.c.h; path = "UIImage+NTES.h"; sourceTree = "<group>"; };
		0E9FE340259B534B0055C802 /* NSData+NTES.m */ = {isa = PBXFileReference; fileEncoding = 4; lastKnownFileType = sourcecode.c.objc; path = "NSData+NTES.m"; sourceTree = "<group>"; };
		0E9FE341259B534B0055C802 /* UIAlertView+NTESBlock.h */ = {isa = PBXFileReference; fileEncoding = 4; lastKnownFileType = sourcecode.c.h; path = "UIAlertView+NTESBlock.h"; sourceTree = "<group>"; };
		0E9FE342259B534B0055C802 /* UIScrollView+NTESDirection.h */ = {isa = PBXFileReference; fileEncoding = 4; lastKnownFileType = sourcecode.c.h; path = "UIScrollView+NTESDirection.h"; sourceTree = "<group>"; };
		0E9FE343259B534B0055C802 /* NSDictionary+NTESJson.h */ = {isa = PBXFileReference; fileEncoding = 4; lastKnownFileType = sourcecode.c.h; path = "NSDictionary+NTESJson.h"; sourceTree = "<group>"; };
		0E9FE344259B534B0055C802 /* UIResponder+NTESFirstResponder.m */ = {isa = PBXFileReference; fileEncoding = 4; lastKnownFileType = sourcecode.c.objc; path = "UIResponder+NTESFirstResponder.m"; sourceTree = "<group>"; };
		0E9FE345259B534B0055C802 /* UIImage+NTESColor.h */ = {isa = PBXFileReference; fileEncoding = 4; lastKnownFileType = sourcecode.c.h; path = "UIImage+NTESColor.h"; sourceTree = "<group>"; };
		0E9FE346259B534B0055C802 /* UIActionSheet+NTESBlock.m */ = {isa = PBXFileReference; fileEncoding = 4; lastKnownFileType = sourcecode.c.objc; path = "UIActionSheet+NTESBlock.m"; sourceTree = "<group>"; };
		0E9FE347259B534B0055C802 /* UIViewController+NTES.h */ = {isa = PBXFileReference; fileEncoding = 4; lastKnownFileType = sourcecode.c.h; path = "UIViewController+NTES.h"; sourceTree = "<group>"; };
		0E9FE348259B534B0055C802 /* UIScrollView+NTESPullToRefresh.m */ = {isa = PBXFileReference; fileEncoding = 4; lastKnownFileType = sourcecode.c.objc; path = "UIScrollView+NTESPullToRefresh.m"; sourceTree = "<group>"; };
		0E9FE349259B534B0055C802 /* NSString+NTES.m */ = {isa = PBXFileReference; fileEncoding = 4; lastKnownFileType = sourcecode.c.objc; path = "NSString+NTES.m"; sourceTree = "<group>"; };
		0E9FE34A259B534B0055C802 /* UIImage+NTES.m */ = {isa = PBXFileReference; fileEncoding = 4; lastKnownFileType = sourcecode.c.objc; path = "UIImage+NTES.m"; sourceTree = "<group>"; };
		0E9FE34B259B534B0055C802 /* UIView+NTES.h */ = {isa = PBXFileReference; fileEncoding = 4; lastKnownFileType = sourcecode.c.h; path = "UIView+NTES.h"; sourceTree = "<group>"; };
		0E9FE34C259B534B0055C802 /* UIAlertView+NTESBlock.m */ = {isa = PBXFileReference; fileEncoding = 4; lastKnownFileType = sourcecode.c.objc; path = "UIAlertView+NTESBlock.m"; sourceTree = "<group>"; };
		0E9FE34D259B534B0055C802 /* NSData+NTES.h */ = {isa = PBXFileReference; fileEncoding = 4; lastKnownFileType = sourcecode.c.h; path = "NSData+NTES.h"; sourceTree = "<group>"; };
		0E9FE34E259B534B0055C802 /* UIResponder+NTESFirstResponder.h */ = {isa = PBXFileReference; fileEncoding = 4; lastKnownFileType = sourcecode.c.h; path = "UIResponder+NTESFirstResponder.h"; sourceTree = "<group>"; };
		0E9FE34F259B534B0055C802 /* UIScrollView+NTESDirection.m */ = {isa = PBXFileReference; fileEncoding = 4; lastKnownFileType = sourcecode.c.objc; path = "UIScrollView+NTESDirection.m"; sourceTree = "<group>"; };
		0E9FE350259B534B0055C802 /* NSDictionary+NTESJson.m */ = {isa = PBXFileReference; fileEncoding = 4; lastKnownFileType = sourcecode.c.objc; path = "NSDictionary+NTESJson.m"; sourceTree = "<group>"; };
		0E9FE351259B534B0055C802 /* NSString+NTES.h */ = {isa = PBXFileReference; fileEncoding = 4; lastKnownFileType = sourcecode.c.h; path = "NSString+NTES.h"; sourceTree = "<group>"; };
		0E9FE352259B534B0055C802 /* UIScrollView+NTESPullToRefresh.h */ = {isa = PBXFileReference; fileEncoding = 4; lastKnownFileType = sourcecode.c.h; path = "UIScrollView+NTESPullToRefresh.h"; sourceTree = "<group>"; };
		0E9FE353259B534B0055C802 /* UIViewController+NTES.m */ = {isa = PBXFileReference; fileEncoding = 4; lastKnownFileType = sourcecode.c.objc; path = "UIViewController+NTES.m"; sourceTree = "<group>"; };
		0E9FE354259B534B0055C802 /* UIActionSheet+NTESBlock.h */ = {isa = PBXFileReference; fileEncoding = 4; lastKnownFileType = sourcecode.c.h; path = "UIActionSheet+NTESBlock.h"; sourceTree = "<group>"; };
		0E9FE355259B534B0055C802 /* UIImage+NTESColor.m */ = {isa = PBXFileReference; fileEncoding = 4; lastKnownFileType = sourcecode.c.objc; path = "UIImage+NTESColor.m"; sourceTree = "<group>"; };
		0E9FE357259B534B0055C802 /* NTESUserUtil.m */ = {isa = PBXFileReference; fileEncoding = 4; lastKnownFileType = sourcecode.c.objc; path = NTESUserUtil.m; sourceTree = "<group>"; };
		0E9FE358259B534B0055C802 /* NTESFileLocationHelper.h */ = {isa = PBXFileReference; fileEncoding = 4; lastKnownFileType = sourcecode.c.h; path = NTESFileLocationHelper.h; sourceTree = "<group>"; };
		0E9FE359259B534B0055C802 /* NTESService.h */ = {isa = PBXFileReference; fileEncoding = 4; lastKnownFileType = sourcecode.c.h; path = NTESService.h; sourceTree = "<group>"; };
		0E9FE35A259B534B0055C802 /* NTESLogManager.h */ = {isa = PBXFileReference; fileEncoding = 4; lastKnownFileType = sourcecode.c.h; path = NTESLogManager.h; sourceTree = "<group>"; };
		0E9FE35B259B534B0055C802 /* NTESSessionUtil.m */ = {isa = PBXFileReference; fileEncoding = 4; lastKnownFileType = sourcecode.c.objc; path = NTESSessionUtil.m; sourceTree = "<group>"; };
		0E9FE35C259B534B0055C802 /* NTESLogViewController.xib */ = {isa = PBXFileReference; fileEncoding = 4; lastKnownFileType = file.xib; path = NTESLogViewController.xib; sourceTree = "<group>"; };
		0E9FE35D259B534B0055C802 /* NTESClientUtil.m */ = {isa = PBXFileReference; fileEncoding = 4; lastKnownFileType = sourcecode.c.objc; path = NTESClientUtil.m; sourceTree = "<group>"; };
		0E9FE35E259B534B0055C802 /* NTESDemoConfig.h */ = {isa = PBXFileReference; fileEncoding = 4; lastKnownFileType = sourcecode.c.h; path = NTESDemoConfig.h; sourceTree = "<group>"; };
		0E9FE35F259B534B0055C802 /* NTESTimerHolder.h */ = {isa = PBXFileReference; fileEncoding = 4; lastKnownFileType = sourcecode.c.h; path = NTESTimerHolder.h; sourceTree = "<group>"; };
		0E9FE361259B534B0055C802 /* NTESCADisplayLinkHolder.m */ = {isa = PBXFileReference; fileEncoding = 4; lastKnownFileType = sourcecode.c.objc; path = NTESCADisplayLinkHolder.m; sourceTree = "<group>"; };
		0E9FE362259B534B0055C802 /* NTESLogViewController.m */ = {isa = PBXFileReference; fileEncoding = 4; lastKnownFileType = sourcecode.c.objc; path = NTESLogViewController.m; sourceTree = "<group>"; };
		0E9FE363259B534B0055C802 /* NTESDevice.m */ = {isa = PBXFileReference; fileEncoding = 4; lastKnownFileType = sourcecode.c.objc; path = NTESDevice.m; sourceTree = "<group>"; };
		0E9FE365259B534B0055C802 /* NTESLogManager.m */ = {isa = PBXFileReference; fileEncoding = 4; lastKnownFileType = sourcecode.c.objc; path = NTESLogManager.m; sourceTree = "<group>"; };
		0E9FE366259B534B0055C802 /* NTESService.m */ = {isa = PBXFileReference; fileEncoding = 4; lastKnownFileType = sourcecode.c.objc; path = NTESService.m; sourceTree = "<group>"; };
		0E9FE367259B534B0055C802 /* NTESUserUtil.h */ = {isa = PBXFileReference; fileEncoding = 4; lastKnownFileType = sourcecode.c.h; path = NTESUserUtil.h; sourceTree = "<group>"; };
		0E9FE368259B534B0055C802 /* NTESFileLocationHelper.m */ = {isa = PBXFileReference; fileEncoding = 4; lastKnownFileType = sourcecode.c.objc; path = NTESFileLocationHelper.m; sourceTree = "<group>"; };
		0E9FE369259B534B0055C802 /* NTESClientUtil.h */ = {isa = PBXFileReference; fileEncoding = 4; lastKnownFileType = sourcecode.c.h; path = NTESClientUtil.h; sourceTree = "<group>"; };
		0E9FE36A259B534B0055C802 /* NTESSessionUtil.h */ = {isa = PBXFileReference; fileEncoding = 4; lastKnownFileType = sourcecode.c.h; path = NTESSessionUtil.h; sourceTree = "<group>"; };
		0E9FE36B259B534B0055C802 /* NTESDevice.h */ = {isa = PBXFileReference; fileEncoding = 4; lastKnownFileType = sourcecode.c.h; path = NTESDevice.h; sourceTree = "<group>"; };
		0E9FE36C259B534B0055C802 /* NTESCADisplayLinkHolder.h */ = {isa = PBXFileReference; fileEncoding = 4; lastKnownFileType = sourcecode.c.h; path = NTESCADisplayLinkHolder.h; sourceTree = "<group>"; };
		0E9FE36D259B534B0055C802 /* NTESLogViewController.h */ = {isa = PBXFileReference; fileEncoding = 4; lastKnownFileType = sourcecode.c.h; path = NTESLogViewController.h; sourceTree = "<group>"; };
		0E9FE36F259B534B0055C802 /* NTESTimerHolder.m */ = {isa = PBXFileReference; fileEncoding = 4; lastKnownFileType = sourcecode.c.objc; path = NTESTimerHolder.m; sourceTree = "<group>"; };
		0E9FE370259B534B0055C802 /* NTESDemoConfig.m */ = {isa = PBXFileReference; fileEncoding = 4; lastKnownFileType = sourcecode.c.objc; path = NTESDemoConfig.m; sourceTree = "<group>"; };
		0E9FE372259B534B0055C802 /* NTESPinyinConverter.m */ = {isa = PBXFileReference; fileEncoding = 4; lastKnownFileType = sourcecode.c.objc; path = NTESPinyinConverter.m; sourceTree = "<group>"; };
		0E9FE373259B534B0055C802 /* NTESSpellingCenter.h */ = {isa = PBXFileReference; fileEncoding = 4; lastKnownFileType = sourcecode.c.h; path = NTESSpellingCenter.h; sourceTree = "<group>"; };
		0E9FE374259B534B0055C802 /* NTESSpellingCenter.m */ = {isa = PBXFileReference; fileEncoding = 4; lastKnownFileType = sourcecode.c.objc; path = NTESSpellingCenter.m; sourceTree = "<group>"; };
		0E9FE375259B534B0055C802 /* NTESPinyinConverter.h */ = {isa = PBXFileReference; fileEncoding = 4; lastKnownFileType = sourcecode.c.h; path = NTESPinyinConverter.h; sourceTree = "<group>"; };
		0E9FE479259B53D90055C802 /* NIMWhiteBoardWebDemo.pch */ = {isa = PBXFileReference; lastKnownFileType = sourcecode.c.h; path = NIMWhiteBoardWebDemo.pch; sourceTree = "<group>"; };
		0EB3FA01259D665C00435BD5 /* NMCCallNativeMethodMessageHandler.h */ = {isa = PBXFileReference; fileEncoding = 4; lastKnownFileType = sourcecode.c.h; path = NMCCallNativeMethodMessageHandler.h; sourceTree = "<group>"; };
		0EB3FA02259D665C00435BD5 /* NMCCallWebMethodMessageHandler.m */ = {isa = PBXFileReference; fileEncoding = 4; lastKnownFileType = sourcecode.c.objc; path = NMCCallWebMethodMessageHandler.m; sourceTree = "<group>"; };
		0EB3FA03259D665C00435BD5 /* NMCWebView.h */ = {isa = PBXFileReference; fileEncoding = 4; lastKnownFileType = sourcecode.c.h; path = NMCWebView.h; sourceTree = "<group>"; };
		0EB3FA04259D665C00435BD5 /* NMCMessageHandlerDispatch.m */ = {isa = PBXFileReference; fileEncoding = 4; lastKnownFileType = sourcecode.c.objc; path = NMCMessageHandlerDispatch.m; sourceTree = "<group>"; };
		0EB3FA05259D665C00435BD5 /* NMCWebViewHeader.h */ = {isa = PBXFileReference; fileEncoding = 4; lastKnownFileType = sourcecode.c.h; path = NMCWebViewHeader.h; sourceTree = "<group>"; };
		0EB3FA06259D665C00435BD5 /* NMCWhiteboardManager.m */ = {isa = PBXFileReference; fileEncoding = 4; lastKnownFileType = sourcecode.c.objc; path = NMCWhiteboardManager.m; sourceTree = "<group>"; };
		0EB3FA07259D665C00435BD5 /* NMCWebView.bundle */ = {isa = PBXFileReference; lastKnownFileType = "wrapper.plug-in"; path = NMCWebView.bundle; sourceTree = "<group>"; };
		0EB3FA08259D665C00435BD5 /* NMCWebLoginParam.m */ = {isa = PBXFileReference; fileEncoding = 4; lastKnownFileType = sourcecode.c.objc; path = NMCWebLoginParam.m; sourceTree = "<group>"; };
		0EB3FA09259D665C00435BD5 /* NMCCallWebMethodMessageHandler.h */ = {isa = PBXFileReference; fileEncoding = 4; lastKnownFileType = sourcecode.c.h; path = NMCCallWebMethodMessageHandler.h; sourceTree = "<group>"; };
		0EB3FA0A259D665C00435BD5 /* NMCCallNativeMethodMessageHandler.m */ = {isa = PBXFileReference; fileEncoding = 4; lastKnownFileType = sourcecode.c.objc; path = NMCCallNativeMethodMessageHandler.m; sourceTree = "<group>"; };
		0EB3FA0B259D665C00435BD5 /* NMCWhiteboardManagerProtocol.h */ = {isa = PBXFileReference; fileEncoding = 4; lastKnownFileType = sourcecode.c.h; path = NMCWhiteboardManagerProtocol.h; sourceTree = "<group>"; };
		0EB3FA0C259D665C00435BD5 /* NMCWebView.m */ = {isa = PBXFileReference; fileEncoding = 4; lastKnownFileType = sourcecode.c.objc; path = NMCWebView.m; sourceTree = "<group>"; };
		0EB3FA0D259D665C00435BD5 /* NMCWhiteboardManager.h */ = {isa = PBXFileReference; fileEncoding = 4; lastKnownFileType = sourcecode.c.h; path = NMCWhiteboardManager.h; sourceTree = "<group>"; };
		0EB3FA0E259D665C00435BD5 /* NMCMessageHandlerDispatch.h */ = {isa = PBXFileReference; fileEncoding = 4; lastKnownFileType = sourcecode.c.h; path = NMCMessageHandlerDispatch.h; sourceTree = "<group>"; };
		0EB3FA32259D785D00435BD5 /* NTESHeaderView.h */ = {isa = PBXFileReference; lastKnownFileType = sourcecode.c.h; path = NTESHeaderView.h; sourceTree = "<group>"; };
		0EB3FA33259D785D00435BD5 /* NTESHeaderView.m */ = {isa = PBXFileReference; lastKnownFileType = sourcecode.c.objc; path = NTESHeaderView.m; sourceTree = "<group>"; };
		0EC29A3025AF2B700012EC40 /* NTESRegisterLoginService.h */ = {isa = PBXFileReference; lastKnownFileType = sourcecode.c.h; path = NTESRegisterLoginService.h; sourceTree = "<group>"; };
		0EC29A3125AF2B700012EC40 /* NTESRegisterLoginService.m */ = {isa = PBXFileReference; lastKnownFileType = sourcecode.c.objc; path = NTESRegisterLoginService.m; sourceTree = "<group>"; };
		23D6F96174508A76CD4A3758 /* Pods-NIMWhiteBoardWebDemo.release.xcconfig */ = {isa = PBXFileReference; includeInIndex = 1; lastKnownFileType = text.xcconfig; name = "Pods-NIMWhiteBoardWebDemo.release.xcconfig"; path = "Target Support Files/Pods-NIMWhiteBoardWebDemo/Pods-NIMWhiteBoardWebDemo.release.xcconfig"; sourceTree = "<group>"; };
		D7104F1A72F8A58ACA31A96F /* libPods-NIMWhiteBoardWebDemo.a */ = {isa = PBXFileReference; explicitFileType = archive.ar; includeInIndex = 0; path = "libPods-NIMWhiteBoardWebDemo.a"; sourceTree = BUILT_PRODUCTS_DIR; };
		EBEC83BA4CEF5108FDEE8615 /* Pods-NIMWhiteBoardWebDemo.debug.xcconfig */ = {isa = PBXFileReference; includeInIndex = 1; lastKnownFileType = text.xcconfig; name = "Pods-NIMWhiteBoardWebDemo.debug.xcconfig"; path = "Target Support Files/Pods-NIMWhiteBoardWebDemo/Pods-NIMWhiteBoardWebDemo.debug.xcconfig"; sourceTree = "<group>"; };
/* End PBXFileReference section */

/* Begin PBXFrameworksBuildPhase section */
		0E6894682599DC8F008B15BE /* Frameworks */ = {
			isa = PBXFrameworksBuildPhase;
			buildActionMask = 2147483647;
			files = (
				0EB3F9EE259D659300435BD5 /* NMCWhiteboard.framework in Frameworks */,
				59382BC4D4290B0CC925721E /* libPods-NIMWhiteBoardWebDemo.a in Frameworks */,
			);
			runOnlyForDeploymentPostprocessing = 0;
		};
		0E9FE0AD259B226F0055C802 /* Frameworks */ = {
			isa = PBXFrameworksBuildPhase;
			buildActionMask = 2147483647;
			files = (
			);
			runOnlyForDeploymentPostprocessing = 0;
		};
/* End PBXFrameworksBuildPhase section */

/* Begin PBXGroup section */
		0E6894622599DC8F008B15BE = {
			isa = PBXGroup;
			children = (
				0E68946D2599DC8F008B15BE /* NIMWhiteBoardWebDemo */,
				0E9FE0B1259B226F0055C802 /* NMCWhiteboard */,
				0E68946C2599DC8F008B15BE /* Products */,
				0E6894C42599DCA2008B15BE /* Frameworks */,
				92FD615FA0FE5A9DCD33B3AB /* Pods */,
			);
			sourceTree = "<group>";
		};
		0E68946C2599DC8F008B15BE /* Products */ = {
			isa = PBXGroup;
			children = (
				0E68946B2599DC8F008B15BE /* NIMWhiteBoardWebDemo.app */,
				0E9FE0B0259B226F0055C802 /* NMCWhiteboard.framework */,
			);
			name = Products;
			sourceTree = "<group>";
		};
		0E68946D2599DC8F008B15BE /* NIMWhiteBoardWebDemo */ = {
			isa = PBXGroup;
			children = (
				0E9FE145259B534B0055C802 /* Classes */,
				0E689565259A075B008B15BE /* NTESGlobalMacro.h */,
				0E689566259A075B008B15BE /* NTESGlobalMacro.m */,
				0E68946E2599DC8F008B15BE /* AppDelegate.h */,
				0E68946F2599DC8F008B15BE /* AppDelegate.m */,
				0E6894742599DC8F008B15BE /* ViewController.h */,
				0E6894752599DC8F008B15BE /* ViewController.m */,
				0E6894772599DC8F008B15BE /* Main.storyboard */,
				0E68947A2599DC8F008B15BE /* Assets.xcassets */,
				0E68947C2599DC8F008B15BE /* LaunchScreen.storyboard */,
				0E68947F2599DC8F008B15BE /* Info.plist */,
				0E6894802599DC8F008B15BE /* main.m */,
				0E9FE479259B53D90055C802 /* NIMWhiteBoardWebDemo.pch */,
			);
			path = NIMWhiteBoardWebDemo;
			sourceTree = "<group>";
		};
		0E6894C42599DCA2008B15BE /* Frameworks */ = {
			isa = PBXGroup;
			children = (
				D7104F1A72F8A58ACA31A96F /* libPods-NIMWhiteBoardWebDemo.a */,
			);
			name = Frameworks;
			sourceTree = "<group>";
		};
		0E9FE0B1259B226F0055C802 /* NMCWhiteboard */ = {
			isa = PBXGroup;
			children = (
				0EB3FA00259D665C00435BD5 /* NIMWhiteBoard */,
				0E9FE0B2259B226F0055C802 /* NMCWhiteboard.h */,
				0E9FE0B3259B226F0055C802 /* Info.plist */,
			);
			path = NMCWhiteboard;
			sourceTree = "<group>";
		};
		0E9FE145259B534B0055C802 /* Classes */ = {
			isa = PBXGroup;
			children = (
				0E9FE24A259B534B0055C802 /* Sections */,
				0E9FE33D259B534B0055C802 /* Category */,
				0E9FE356259B534B0055C802 /* Util */,
			);
			path = Classes;
			sourceTree = "<group>";
		};
		0E9FE24A259B534B0055C802 /* Sections */ = {
			isa = PBXGroup;
			children = (
				0E9FE2FF259B534B0055C802 /* Common */,
				0E9FE327259B534B0055C802 /* Login */,
				0E9FE331259B534B0055C802 /* Services */,
			);
			path = Sections;
			sourceTree = "<group>";
		};
		0E9FE2FF259B534B0055C802 /* Common */ = {
			isa = PBXGroup;
			children = (
				0E9FE300259B534B0055C802 /* Addons */,
				0E9FE310259B534B0055C802 /* Delegate */,
				0E9FE313259B534B0055C802 /* Model */,
				0E9FE316259B534B0055C802 /* View */,
				0E9FE324259B534B0055C802 /* Helper */,
			);
			path = Common;
			sourceTree = "<group>";
		};
		0E9FE300259B534B0055C802 /* Addons */ = {
			isa = PBXGroup;
			children = (
				0E9FE30B259B534B0055C802 /* SwizzlingDefine.h */,
				0E9FE301259B534B0055C802 /* UINavigationItem+Swizzling.h */,
				0E9FE308259B534B0055C802 /* UINavigationItem+Swizzling.m */,
				0E9FE30D259B534B0055C802 /* NTESNavigationAnimator.h */,
				0E9FE306259B534B0055C802 /* NTESNavigationAnimator.m */,
				0E9FE30C259B534B0055C802 /* UIViewController+Swizzling.h */,
				0E9FE302259B534B0055C802 /* UIViewController+Swizzling.m */,
				0E9FE303259B534B0055C802 /* UIView+Swizzling.h */,
				0E9FE30A259B534B0055C802 /* UIView+Swizzling.m */,
				0E9FE307259B534B0055C802 /* NTESNavigationHandler.h */,
				0E9FE30F259B534B0055C802 /* NTESNavigationHandler.m */,
				0E9FE30E259B534B0055C802 /* UINavigationController+Swizzling.h */,
				0E9FE305259B534B0055C802 /* UINavigationController+Swizzling.m */,
				0E9FE309259B534B0055C802 /* UINavigationBar+Swizzling.h */,
				0E9FE304259B534B0055C802 /* UINavigationBar+Swizzling.m */,
			);
			path = Addons;
			sourceTree = "<group>";
		};
		0E9FE310259B534B0055C802 /* Delegate */ = {
			isa = PBXGroup;
			children = (
				0E9FE311259B534B0055C802 /* NTESCommonTableDelegate.h */,
				0E9FE312259B534B0055C802 /* NTESCommonTableDelegate.m */,
			);
			path = Delegate;
			sourceTree = "<group>";
		};
		0E9FE313259B534B0055C802 /* Model */ = {
			isa = PBXGroup;
			children = (
				0E9FE315259B534B0055C802 /* NTESCommonTableData.h */,
				0E9FE314259B534B0055C802 /* NTESCommonTableData.m */,
			);
			path = Model;
			sourceTree = "<group>";
		};
		0E9FE316259B534B0055C802 /* View */ = {
			isa = PBXGroup;
			children = (
				0E9FE31B259B534B0055C802 /* NTESCommonTableViewCell.h */,
				0E9FE31E259B534B0055C802 /* NTESTextSettingCell.h */,
				0E9FE318259B534B0055C802 /* NTESTextSettingCell.m */,
				0E9FE320259B534B0055C802 /* NTESBadgeView.h */,
				0E9FE319259B534B0055C802 /* NTESBadgeView.m */,
				0E9FE321259B534B0055C802 /* NTESPageView.h */,
				0E9FE31A259B534B0055C802 /* NTESPageView.m */,
				0E9FE31C259B534B0055C802 /* NTESFPSLabel.h */,
				0E9FE323259B534B0055C802 /* NTESFPSLabel.m */,
				0E9FE31D259B534B0055C802 /* NTESMarginButton.h */,
				0E9FE322259B534B0055C802 /* NTESMarginButton.m */,
				0E9FE31F259B534B0055C802 /* NTESAvatarImageView.h */,
				0E9FE317259B534B0055C802 /* NTESAvatarImageView.m */,
			);
			path = View;
			sourceTree = "<group>";
		};
		0E9FE324259B534B0055C802 /* Helper */ = {
			isa = PBXGroup;
			children = (
				0E9FE325259B534B0055C802 /* NTESPageContext.h */,
				0E9FE326259B534B0055C802 /* NTESPageContext.m */,
			);
			path = Helper;
			sourceTree = "<group>";
		};
		0E9FE327259B534B0055C802 /* Login */ = {
			isa = PBXGroup;
			children = (
				0E9FE330259B534B0055C802 /* NTESLoginViewController.h */,
				0E9FE32B259B534B0055C802 /* NTESLoginViewController.m */,
				0E9FE328259B534B0055C802 /* NTESLoginViewController.xib */,
				0E9FE32D259B534B0055C802 /* NTESRegisterViewController.h */,
				0E9FE32A259B534B0055C802 /* NTESRegisterViewController.m */,
				0E9FE32F259B534B0055C802 /* NTESRegisterViewController.xib */,
				0E9FE32E259B534B0055C802 /* NTESEnterRoomViewController.h */,
				0E9FE329259B534B0055C802 /* NTESEnterRoomViewController.m */,
				0E9FE32C259B534B0055C802 /* NTESEnterRoomViewController.xib */,
				0E318B81259C5FA70064748F /* NTESMeetingViewController.h */,
				0E318B82259C5FA70064748F /* NTESMeetingViewController.m */,
				0EB3FA32259D785D00435BD5 /* NTESHeaderView.h */,
				0EB3FA33259D785D00435BD5 /* NTESHeaderView.m */,
				0EC29A3025AF2B700012EC40 /* NTESRegisterLoginService.h */,
				0EC29A3125AF2B700012EC40 /* NTESRegisterLoginService.m */,
			);
			path = Login;
			sourceTree = "<group>";
		};
		0E9FE331259B534B0055C802 /* Services */ = {
			isa = PBXGroup;
			children = (
				0E9FE332259B534B0055C802 /* NTESDemoCreateMeetingTask.h */,
				0E9FE338259B534B0055C802 /* NTESDemoCreateMeetingTask.m */,
				0E9FE334259B534B0055C802 /* NTESDemoCloseMeetingTask.h */,
				0E9FE33C259B534B0055C802 /* NTESDemoCloseMeetingTask.m */,
				0E9FE33A259B534B0055C802 /* NTESDemoServiceTask.h */,
				0E9FE333259B534B0055C802 /* NTESDemoService.h */,
				0E9FE337259B534B0055C802 /* NTESDemoService.m */,
				0E9FE335259B534B0055C802 /* NTESLoginManager.h */,
				0E9FE33B259B534B0055C802 /* NTESLoginManager.m */,
				0E9FE336259B534B0055C802 /* NTESDemoRegisterTask.h */,
				0E9FE339259B534B0055C802 /* NTESDemoRegisterTask.m */,
			);
			path = Services;
			sourceTree = "<group>";
		};
		0E9FE33D259B534B0055C802 /* Category */ = {
			isa = PBXGroup;
			children = (
				0E9FE34B259B534B0055C802 /* UIView+NTES.h */,
				0E9FE33E259B534B0055C802 /* UIView+NTES.m */,
				0E9FE33F259B534B0055C802 /* UIImage+NTES.h */,
				0E9FE34A259B534B0055C802 /* UIImage+NTES.m */,
				0E9FE34D259B534B0055C802 /* NSData+NTES.h */,
				0E9FE340259B534B0055C802 /* NSData+NTES.m */,
				0E9FE341259B534B0055C802 /* UIAlertView+NTESBlock.h */,
				0E9FE34C259B534B0055C802 /* UIAlertView+NTESBlock.m */,
				0E9FE342259B534B0055C802 /* UIScrollView+NTESDirection.h */,
				0E9FE34F259B534B0055C802 /* UIScrollView+NTESDirection.m */,
				0E9FE343259B534B0055C802 /* NSDictionary+NTESJson.h */,
				0E9FE350259B534B0055C802 /* NSDictionary+NTESJson.m */,
				0E9FE34E259B534B0055C802 /* UIResponder+NTESFirstResponder.h */,
				0E9FE344259B534B0055C802 /* UIResponder+NTESFirstResponder.m */,
				0E9FE345259B534B0055C802 /* UIImage+NTESColor.h */,
				0E9FE355259B534B0055C802 /* UIImage+NTESColor.m */,
				0E9FE354259B534B0055C802 /* UIActionSheet+NTESBlock.h */,
				0E9FE346259B534B0055C802 /* UIActionSheet+NTESBlock.m */,
				0E9FE347259B534B0055C802 /* UIViewController+NTES.h */,
				0E9FE353259B534B0055C802 /* UIViewController+NTES.m */,
				0E9FE352259B534B0055C802 /* UIScrollView+NTESPullToRefresh.h */,
				0E9FE348259B534B0055C802 /* UIScrollView+NTESPullToRefresh.m */,
				0E9FE351259B534B0055C802 /* NSString+NTES.h */,
				0E9FE349259B534B0055C802 /* NSString+NTES.m */,
			);
			path = Category;
			sourceTree = "<group>";
		};
		0E9FE356259B534B0055C802 /* Util */ = {
			isa = PBXGroup;
			children = (
				0E9FE35E259B534B0055C802 /* NTESDemoConfig.h */,
				0E9FE370259B534B0055C802 /* NTESDemoConfig.m */,
				0E9FE357259B534B0055C802 /* NTESUserUtil.m */,
				0E9FE367259B534B0055C802 /* NTESUserUtil.h */,
				0E9FE358259B534B0055C802 /* NTESFileLocationHelper.h */,
				0E9FE368259B534B0055C802 /* NTESFileLocationHelper.m */,
				0E9FE359259B534B0055C802 /* NTESService.h */,
				0E9FE366259B534B0055C802 /* NTESService.m */,
				0E9FE35A259B534B0055C802 /* NTESLogManager.h */,
				0E9FE365259B534B0055C802 /* NTESLogManager.m */,
				0E9FE36A259B534B0055C802 /* NTESSessionUtil.h */,
				0E9FE35B259B534B0055C802 /* NTESSessionUtil.m */,
				0E9FE36D259B534B0055C802 /* NTESLogViewController.h */,
				0E9FE362259B534B0055C802 /* NTESLogViewController.m */,
				0E9FE35C259B534B0055C802 /* NTESLogViewController.xib */,
				0E9FE35F259B534B0055C802 /* NTESTimerHolder.h */,
				0E9FE36F259B534B0055C802 /* NTESTimerHolder.m */,
				0E9FE36C259B534B0055C802 /* NTESCADisplayLinkHolder.h */,
				0E9FE361259B534B0055C802 /* NTESCADisplayLinkHolder.m */,
				0E9FE36B259B534B0055C802 /* NTESDevice.h */,
				0E9FE363259B534B0055C802 /* NTESDevice.m */,
				0E9FE369259B534B0055C802 /* NTESClientUtil.h */,
				0E9FE35D259B534B0055C802 /* NTESClientUtil.m */,
				0E9FE371259B534B0055C802 /* Spelling */,
				0E318B9F259C80610064748F /* UIDevice+Orientation.h */,
				0E318BA0259C80610064748F /* UIDevice+Orientation.m */,
			);
			path = Util;
			sourceTree = "<group>";
		};
		0E9FE371259B534B0055C802 /* Spelling */ = {
			isa = PBXGroup;
			children = (
				0E9FE375259B534B0055C802 /* NTESPinyinConverter.h */,
				0E9FE372259B534B0055C802 /* NTESPinyinConverter.m */,
				0E9FE373259B534B0055C802 /* NTESSpellingCenter.h */,
				0E9FE374259B534B0055C802 /* NTESSpellingCenter.m */,
			);
			path = Spelling;
			sourceTree = "<group>";
		};
		0EB3FA00259D665C00435BD5 /* NIMWhiteBoard */ = {
			isa = PBXGroup;
			children = (
				0EB3FA01259D665C00435BD5 /* NMCCallNativeMethodMessageHandler.h */,
				0EB3FA0A259D665C00435BD5 /* NMCCallNativeMethodMessageHandler.m */,
				0EB3FA09259D665C00435BD5 /* NMCCallWebMethodMessageHandler.h */,
				0EB3FA02259D665C00435BD5 /* NMCCallWebMethodMessageHandler.m */,
				0EB3FA0B259D665C00435BD5 /* NMCWhiteboardManagerProtocol.h */,
				0EB3FA03259D665C00435BD5 /* NMCWebView.h */,
				0EB3FA0C259D665C00435BD5 /* NMCWebView.m */,
				0EB3FA0E259D665C00435BD5 /* NMCMessageHandlerDispatch.h */,
				0EB3FA04259D665C00435BD5 /* NMCMessageHandlerDispatch.m */,
				0EB3FA05259D665C00435BD5 /* NMCWebViewHeader.h */,
				0EB3FA0D259D665C00435BD5 /* NMCWhiteboardManager.h */,
				0EB3FA06259D665C00435BD5 /* NMCWhiteboardManager.m */,
				0E33442625AFE73600DBA966 /* NMCWebLoginParam.h */,
				0EB3FA08259D665C00435BD5 /* NMCWebLoginParam.m */,
				0EB3FA07259D665C00435BD5 /* NMCWebView.bundle */,
			);
			path = NIMWhiteBoard;
			sourceTree = "<group>";
		};
		92FD615FA0FE5A9DCD33B3AB /* Pods */ = {
			isa = PBXGroup;
			children = (
				EBEC83BA4CEF5108FDEE8615 /* Pods-NIMWhiteBoardWebDemo.debug.xcconfig */,
				23D6F96174508A76CD4A3758 /* Pods-NIMWhiteBoardWebDemo.release.xcconfig */,
			);
			path = Pods;
			sourceTree = "<group>";
		};
/* End PBXGroup section */

/* Begin PBXHeadersBuildPhase section */
		0E9FE0AB259B226F0055C802 /* Headers */ = {
			isa = PBXHeadersBuildPhase;
			buildActionMask = 2147483647;
			files = (
				0EB3FA1C259D665C00435BD5 /* NMCWhiteboardManager.h in Headers */,
				0EB3FA18259D665C00435BD5 /* NMCCallWebMethodMessageHandler.h in Headers */,
				0EB3FA1D259D665C00435BD5 /* NMCMessageHandlerDispatch.h in Headers */,
				0EB3FA14259D665C00435BD5 /* NMCWebViewHeader.h in Headers */,
				0EB3FA1A259D665C00435BD5 /* NMCWhiteboardManagerProtocol.h in Headers */,
				0EB3FA10259D665C00435BD5 /* NMCCallNativeMethodMessageHandler.h in Headers */,
				0E9FE0C2259B226F0055C802 /* NMCWhiteboard.h in Headers */,
				0EB3FA12259D665C00435BD5 /* NMCWebView.h in Headers */,
			);
			runOnlyForDeploymentPostprocessing = 0;
		};
/* End PBXHeadersBuildPhase section */

/* Begin PBXNativeTarget section */
		0E68946A2599DC8F008B15BE /* NIMWhiteBoardWebDemo */ = {
			isa = PBXNativeTarget;
			buildConfigurationList = 0E68949A2599DC8F008B15BE /* Build configuration list for PBXNativeTarget "NIMWhiteBoardWebDemo" */;
			buildPhases = (
				D656B94361354EE4E3BDE223 /* [CP] Check Pods Manifest.lock */,
				0E6894672599DC8F008B15BE /* Sources */,
				0E6894682599DC8F008B15BE /* Frameworks */,
				0E6894692599DC8F008B15BE /* Resources */,
				0E6894C72599DCA3008B15BE /* Embed Frameworks */,
				C471D0E54B8839CEB939EC12 /* [CP] Copy Pods Resources */,
				AB7CA20649AFF9945BC67DA2 /* [CP] Embed Pods Frameworks */,
			);
			buildRules = (
			);
			dependencies = (
				0EB3F9F1259D659300435BD5 /* PBXTargetDependency */,
			);
			name = NIMWhiteBoardWebDemo;
			productName = NIMWhiteBoardWebDemo;
			productReference = 0E68946B2599DC8F008B15BE /* NIMWhiteBoardWebDemo.app */;
			productType = "com.apple.product-type.application";
		};
		0E9FE0AF259B226F0055C802 /* NMCWhiteboard */ = {
			isa = PBXNativeTarget;
			buildConfigurationList = 0E9FE0C7259B226F0055C802 /* Build configuration list for PBXNativeTarget "NMCWhiteboard" */;
			buildPhases = (
				0E9FE0AB259B226F0055C802 /* Headers */,
				0E9FE0AC259B226F0055C802 /* Sources */,
				0E9FE0AD259B226F0055C802 /* Frameworks */,
				0E9FE0AE259B226F0055C802 /* Resources */,
			);
			buildRules = (
			);
			dependencies = (
			);
			name = NMCWhiteboard;
			productName = NMCWhiteboard;
			productReference = 0E9FE0B0259B226F0055C802 /* NMCWhiteboard.framework */;
			productType = "com.apple.product-type.framework";
		};
/* End PBXNativeTarget section */

/* Begin PBXProject section */
		0E6894632599DC8F008B15BE /* Project object */ = {
			isa = PBXProject;
			attributes = {
				LastUpgradeCheck = 1230;
				TargetAttributes = {
					0E68946A2599DC8F008B15BE = {
						CreatedOnToolsVersion = 12.3;
					};
					0E9FE0AF259B226F0055C802 = {
						CreatedOnToolsVersion = 12.3;
					};
				};
			};
			buildConfigurationList = 0E6894662599DC8F008B15BE /* Build configuration list for PBXProject "NIMWhiteBoardWebDemo" */;
			compatibilityVersion = "Xcode 9.3";
			developmentRegion = en;
			hasScannedForEncodings = 0;
			knownRegions = (
				en,
				Base,
			);
			mainGroup = 0E6894622599DC8F008B15BE;
			productRefGroup = 0E68946C2599DC8F008B15BE /* Products */;
			projectDirPath = "";
			projectRoot = "";
			targets = (
				0E68946A2599DC8F008B15BE /* NIMWhiteBoardWebDemo */,
				0E9FE0AF259B226F0055C802 /* NMCWhiteboard */,
			);
		};
/* End PBXProject section */

/* Begin PBXResourcesBuildPhase section */
		0E6894692599DC8F008B15BE /* Resources */ = {
			isa = PBXResourcesBuildPhase;
			buildActionMask = 2147483647;
			files = (
				0E68947E2599DC8F008B15BE /* LaunchScreen.storyboard in Resources */,
				0E9FE446259B534C0055C802 /* NTESRegisterViewController.xib in Resources */,
				0E9FE45A259B534C0055C802 /* NTESLogViewController.xib in Resources */,
				0E68947B2599DC8F008B15BE /* Assets.xcassets in Resources */,
				0E9FE445259B534C0055C802 /* NTESEnterRoomViewController.xib in Resources */,
				0E6894792599DC8F008B15BE /* Main.storyboard in Resources */,
				0E9FE441259B534C0055C802 /* NTESLoginViewController.xib in Resources */,
			);
			runOnlyForDeploymentPostprocessing = 0;
		};
		0E9FE0AE259B226F0055C802 /* Resources */ = {
			isa = PBXResourcesBuildPhase;
			buildActionMask = 2147483647;
			files = (
				0EB3FA16259D665C00435BD5 /* NMCWebView.bundle in Resources */,
			);
			runOnlyForDeploymentPostprocessing = 0;
		};
/* End PBXResourcesBuildPhase section */

/* Begin PBXShellScriptBuildPhase section */
		AB7CA20649AFF9945BC67DA2 /* [CP] Embed Pods Frameworks */ = {
			isa = PBXShellScriptBuildPhase;
			buildActionMask = 2147483647;
			files = (
			);
			inputFileListPaths = (
				"${PODS_ROOT}/Target Support Files/Pods-NIMWhiteBoardWebDemo/Pods-NIMWhiteBoardWebDemo-frameworks-${CONFIGURATION}-input-files.xcfilelist",
			);
			name = "[CP] Embed Pods Frameworks";
			outputFileListPaths = (
				"${PODS_ROOT}/Target Support Files/Pods-NIMWhiteBoardWebDemo/Pods-NIMWhiteBoardWebDemo-frameworks-${CONFIGURATION}-output-files.xcfilelist",
			);
			runOnlyForDeploymentPostprocessing = 0;
			shellPath = /bin/sh;
			shellScript = "\"${PODS_ROOT}/Target Support Files/Pods-NIMWhiteBoardWebDemo/Pods-NIMWhiteBoardWebDemo-frameworks.sh\"\n";
			showEnvVarsInLog = 0;
		};
		C471D0E54B8839CEB939EC12 /* [CP] Copy Pods Resources */ = {
			isa = PBXShellScriptBuildPhase;
			buildActionMask = 2147483647;
			files = (
			);
			inputFileListPaths = (
				"${PODS_ROOT}/Target Support Files/Pods-NIMWhiteBoardWebDemo/Pods-NIMWhiteBoardWebDemo-resources-${CONFIGURATION}-input-files.xcfilelist",
			);
			name = "[CP] Copy Pods Resources";
			outputFileListPaths = (
				"${PODS_ROOT}/Target Support Files/Pods-NIMWhiteBoardWebDemo/Pods-NIMWhiteBoardWebDemo-resources-${CONFIGURATION}-output-files.xcfilelist",
			);
			runOnlyForDeploymentPostprocessing = 0;
			shellPath = /bin/sh;
			shellScript = "\"${PODS_ROOT}/Target Support Files/Pods-NIMWhiteBoardWebDemo/Pods-NIMWhiteBoardWebDemo-resources.sh\"\n";
			showEnvVarsInLog = 0;
		};
		D656B94361354EE4E3BDE223 /* [CP] Check Pods Manifest.lock */ = {
			isa = PBXShellScriptBuildPhase;
			buildActionMask = 2147483647;
			files = (
			);
			inputFileListPaths = (
			);
			inputPaths = (
				"${PODS_PODFILE_DIR_PATH}/Podfile.lock",
				"${PODS_ROOT}/Manifest.lock",
			);
			name = "[CP] Check Pods Manifest.lock";
			outputFileListPaths = (
			);
			outputPaths = (
				"$(DERIVED_FILE_DIR)/Pods-NIMWhiteBoardWebDemo-checkManifestLockResult.txt",
			);
			runOnlyForDeploymentPostprocessing = 0;
			shellPath = /bin/sh;
			shellScript = "diff \"${PODS_PODFILE_DIR_PATH}/Podfile.lock\" \"${PODS_ROOT}/Manifest.lock\" > /dev/null\nif [ $? != 0 ] ; then\n    # print error to STDERR\n    echo \"error: The sandbox is not in sync with the Podfile.lock. Run 'pod install' or update your CocoaPods installation.\" >&2\n    exit 1\nfi\n# This output is used by Xcode 'outputs' to avoid re-running this script phase.\necho \"SUCCESS\" > \"${SCRIPT_OUTPUT_FILE_0}\"\n";
			showEnvVarsInLog = 0;
		};
/* End PBXShellScriptBuildPhase section */

/* Begin PBXSourcesBuildPhase section */
		0E6894672599DC8F008B15BE /* Sources */ = {
			isa = PBXSourcesBuildPhase;
			buildActionMask = 2147483647;
			files = (
				0E9FE448259B534C0055C802 /* NTESDemoCreateMeetingTask.m in Sources */,
				0E318B83259C5FA70064748F /* NTESMeetingViewController.m in Sources */,
				0E9FE435259B534C0055C802 /* UINavigationItem+Swizzling.m in Sources */,
				0E9FE449259B534C0055C802 /* NTESDemoRegisterTask.m in Sources */,
				0E9FE44A259B534C0055C802 /* NTESLoginManager.m in Sources */,
				0E9FE464259B534C0055C802 /* NTESDemoConfig.m in Sources */,
				0E9FE43E259B534C0055C802 /* NTESMarginButton.m in Sources */,
				0E9FE461259B534C0055C802 /* NTESFileLocationHelper.m in Sources */,
				0E9FE459259B534C0055C802 /* NTESSessionUtil.m in Sources */,
				0E9FE45E259B534C0055C802 /* NTESDevice.m in Sources */,
				0EC29A3225AF2B700012EC40 /* NTESRegisterLoginService.m in Sources */,
				0E9FE43F259B534C0055C802 /* NTESFPSLabel.m in Sources */,
				0E689567259A075B008B15BE /* NTESGlobalMacro.m in Sources */,
				0E9FE439259B534C0055C802 /* NTESCommonTableData.m in Sources */,
				0E9FE436259B534C0055C802 /* UIView+Swizzling.m in Sources */,
				0E9FE432259B534C0055C802 /* UINavigationBar+Swizzling.m in Sources */,
				0E9FE460259B534C0055C802 /* NTESService.m in Sources */,
				0E9FE43B259B534C0055C802 /* NTESTextSettingCell.m in Sources */,
				0E6894762599DC8F008B15BE /* ViewController.m in Sources */,
				0E9FE438259B534C0055C802 /* NTESCommonTableDelegate.m in Sources */,
				0E9FE43D259B534C0055C802 /* NTESPageView.m in Sources */,
				0E9FE45B259B534C0055C802 /* NTESClientUtil.m in Sources */,
				0E9FE45F259B534C0055C802 /* NTESLogManager.m in Sources */,
				0E9FE444259B534C0055C802 /* NTESLoginViewController.m in Sources */,
				0E9FE457259B534C0055C802 /* UIImage+NTESColor.m in Sources */,
				0E9FE437259B534C0055C802 /* NTESNavigationHandler.m in Sources */,
				0E9FE454259B534C0055C802 /* UIScrollView+NTESDirection.m in Sources */,
				0EB3FA34259D785D00435BD5 /* NTESHeaderView.m in Sources */,
				0E9FE45D259B534C0055C802 /* NTESLogViewController.m in Sources */,
				0E9FE447259B534C0055C802 /* NTESDemoService.m in Sources */,
				0E9FE458259B534C0055C802 /* NTESUserUtil.m in Sources */,
				0E9FE431259B534C0055C802 /* UIViewController+Swizzling.m in Sources */,
				0E9FE455259B534C0055C802 /* NSDictionary+NTESJson.m in Sources */,
				0E6894702599DC8F008B15BE /* AppDelegate.m in Sources */,
				0E9FE44C259B534C0055C802 /* UIView+NTES.m in Sources */,
				0E9FE466259B534C0055C802 /* NTESSpellingCenter.m in Sources */,
				0E9FE433259B534C0055C802 /* UINavigationController+Swizzling.m in Sources */,
				0E9FE43C259B534C0055C802 /* NTESBadgeView.m in Sources */,
				0E9FE443259B534C0055C802 /* NTESRegisterViewController.m in Sources */,
				0E318BA1259C80610064748F /* UIDevice+Orientation.m in Sources */,
				0E9FE463259B534C0055C802 /* NTESTimerHolder.m in Sources */,
				0E6894812599DC8F008B15BE /* main.m in Sources */,
				0E9FE44E259B534C0055C802 /* UIResponder+NTESFirstResponder.m in Sources */,
				0E9FE434259B534C0055C802 /* NTESNavigationAnimator.m in Sources */,
				0E9FE442259B534C0055C802 /* NTESEnterRoomViewController.m in Sources */,
				0E9FE465259B534C0055C802 /* NTESPinyinConverter.m in Sources */,
				0E9FE44F259B534C0055C802 /* UIActionSheet+NTESBlock.m in Sources */,
				0E9FE451259B534C0055C802 /* NSString+NTES.m in Sources */,
				0E9FE43A259B534C0055C802 /* NTESAvatarImageView.m in Sources */,
				0E9FE452259B534C0055C802 /* UIImage+NTES.m in Sources */,
				0E9FE450259B534C0055C802 /* UIScrollView+NTESPullToRefresh.m in Sources */,
				0E9FE453259B534C0055C802 /* UIAlertView+NTESBlock.m in Sources */,
				0E9FE440259B534C0055C802 /* NTESPageContext.m in Sources */,
				0E9FE45C259B534C0055C802 /* NTESCADisplayLinkHolder.m in Sources */,
				0E9FE456259B534C0055C802 /* UIViewController+NTES.m in Sources */,
				0E9FE44B259B534C0055C802 /* NTESDemoCloseMeetingTask.m in Sources */,
				0E9FE44D259B534C0055C802 /* NSData+NTES.m in Sources */,
			);
			runOnlyForDeploymentPostprocessing = 0;
		};
		0E9FE0AC259B226F0055C802 /* Sources */ = {
			isa = PBXSourcesBuildPhase;
			buildActionMask = 2147483647;
			files = (
				0EB3FA1B259D665C00435BD5 /* NMCWebView.m in Sources */,
				0EB3FA11259D665C00435BD5 /* NMCCallWebMethodMessageHandler.m in Sources */,
				0EB3FA19259D665C00435BD5 /* NMCCallNativeMethodMessageHandler.m in Sources */,
				0EB3FA15259D665C00435BD5 /* NMCWhiteboardManager.m in Sources */,
				0EB3FA13259D665C00435BD5 /* NMCMessageHandlerDispatch.m in Sources */,
				0EB3FA17259D665C00435BD5 /* NMCWebLoginParam.m in Sources */,
			);
			runOnlyForDeploymentPostprocessing = 0;
		};
/* End PBXSourcesBuildPhase section */

/* Begin PBXTargetDependency section */
		0EB3F9F1259D659300435BD5 /* PBXTargetDependency */ = {
			isa = PBXTargetDependency;
			target = 0E9FE0AF259B226F0055C802 /* NMCWhiteboard */;
			targetProxy = 0EB3F9F0259D659300435BD5 /* PBXContainerItemProxy */;
		};
/* End PBXTargetDependency section */

/* Begin PBXVariantGroup section */
		0E6894772599DC8F008B15BE /* Main.storyboard */ = {
			isa = PBXVariantGroup;
			children = (
				0E6894782599DC8F008B15BE /* Base */,
			);
			name = Main.storyboard;
			sourceTree = "<group>";
		};
		0E68947C2599DC8F008B15BE /* LaunchScreen.storyboard */ = {
			isa = PBXVariantGroup;
			children = (
				0E68947D2599DC8F008B15BE /* Base */,
			);
			name = LaunchScreen.storyboard;
			sourceTree = "<group>";
		};
/* End PBXVariantGroup section */

/* Begin XCBuildConfiguration section */
		0E6894982599DC8F008B15BE /* Debug */ = {
			isa = XCBuildConfiguration;
			buildSettings = {
				ALWAYS_SEARCH_USER_PATHS = NO;
				CLANG_ANALYZER_NONNULL = YES;
				CLANG_ANALYZER_NUMBER_OBJECT_CONVERSION = YES_AGGRESSIVE;
				CLANG_CXX_LANGUAGE_STANDARD = "gnu++14";
				CLANG_CXX_LIBRARY = "libc++";
				CLANG_ENABLE_MODULES = YES;
				CLANG_ENABLE_OBJC_ARC = YES;
				CLANG_ENABLE_OBJC_WEAK = YES;
				CLANG_WARN_BLOCK_CAPTURE_AUTORELEASING = YES;
				CLANG_WARN_BOOL_CONVERSION = YES;
				CLANG_WARN_COMMA = YES;
				CLANG_WARN_CONSTANT_CONVERSION = YES;
				CLANG_WARN_DEPRECATED_OBJC_IMPLEMENTATIONS = YES;
				CLANG_WARN_DIRECT_OBJC_ISA_USAGE = YES_ERROR;
				CLANG_WARN_DOCUMENTATION_COMMENTS = YES;
				CLANG_WARN_EMPTY_BODY = YES;
				CLANG_WARN_ENUM_CONVERSION = YES;
				CLANG_WARN_INFINITE_RECURSION = YES;
				CLANG_WARN_INT_CONVERSION = YES;
				CLANG_WARN_NON_LITERAL_NULL_CONVERSION = YES;
				CLANG_WARN_OBJC_IMPLICIT_RETAIN_SELF = YES;
				CLANG_WARN_OBJC_LITERAL_CONVERSION = YES;
				CLANG_WARN_OBJC_ROOT_CLASS = YES_ERROR;
				CLANG_WARN_QUOTED_INCLUDE_IN_FRAMEWORK_HEADER = YES;
				CLANG_WARN_RANGE_LOOP_ANALYSIS = YES;
				CLANG_WARN_STRICT_PROTOTYPES = YES;
				CLANG_WARN_SUSPICIOUS_MOVE = YES;
				CLANG_WARN_UNGUARDED_AVAILABILITY = YES_AGGRESSIVE;
				CLANG_WARN_UNREACHABLE_CODE = YES;
				CLANG_WARN__DUPLICATE_METHOD_MATCH = YES;
				COPY_PHASE_STRIP = NO;
				DEBUG_INFORMATION_FORMAT = dwarf;
				ENABLE_STRICT_OBJC_MSGSEND = YES;
				ENABLE_TESTABILITY = YES;
				GCC_C_LANGUAGE_STANDARD = gnu11;
				GCC_DYNAMIC_NO_PIC = NO;
				GCC_NO_COMMON_BLOCKS = YES;
				GCC_OPTIMIZATION_LEVEL = 0;
				GCC_PREPROCESSOR_DEFINITIONS = (
					"DEBUG=1",
					"$(inherited)",
				);
				GCC_WARN_64_TO_32_BIT_CONVERSION = YES;
				GCC_WARN_ABOUT_RETURN_TYPE = YES_ERROR;
				GCC_WARN_UNDECLARED_SELECTOR = YES;
				GCC_WARN_UNINITIALIZED_AUTOS = YES_AGGRESSIVE;
				GCC_WARN_UNUSED_FUNCTION = YES;
				GCC_WARN_UNUSED_VARIABLE = YES;
				IPHONEOS_DEPLOYMENT_TARGET = 14.3;
				MTL_ENABLE_DEBUG_INFO = INCLUDE_SOURCE;
				MTL_FAST_MATH = YES;
				ONLY_ACTIVE_ARCH = YES;
				SDKROOT = iphoneos;
			};
			name = Debug;
		};
		0E6894992599DC8F008B15BE /* Release */ = {
			isa = XCBuildConfiguration;
			buildSettings = {
				ALWAYS_SEARCH_USER_PATHS = NO;
				CLANG_ANALYZER_NONNULL = YES;
				CLANG_ANALYZER_NUMBER_OBJECT_CONVERSION = YES_AGGRESSIVE;
				CLANG_CXX_LANGUAGE_STANDARD = "gnu++14";
				CLANG_CXX_LIBRARY = "libc++";
				CLANG_ENABLE_MODULES = YES;
				CLANG_ENABLE_OBJC_ARC = YES;
				CLANG_ENABLE_OBJC_WEAK = YES;
				CLANG_WARN_BLOCK_CAPTURE_AUTORELEASING = YES;
				CLANG_WARN_BOOL_CONVERSION = YES;
				CLANG_WARN_COMMA = YES;
				CLANG_WARN_CONSTANT_CONVERSION = YES;
				CLANG_WARN_DEPRECATED_OBJC_IMPLEMENTATIONS = YES;
				CLANG_WARN_DIRECT_OBJC_ISA_USAGE = YES_ERROR;
				CLANG_WARN_DOCUMENTATION_COMMENTS = YES;
				CLANG_WARN_EMPTY_BODY = YES;
				CLANG_WARN_ENUM_CONVERSION = YES;
				CLANG_WARN_INFINITE_RECURSION = YES;
				CLANG_WARN_INT_CONVERSION = YES;
				CLANG_WARN_NON_LITERAL_NULL_CONVERSION = YES;
				CLANG_WARN_OBJC_IMPLICIT_RETAIN_SELF = YES;
				CLANG_WARN_OBJC_LITERAL_CONVERSION = YES;
				CLANG_WARN_OBJC_ROOT_CLASS = YES_ERROR;
				CLANG_WARN_QUOTED_INCLUDE_IN_FRAMEWORK_HEADER = YES;
				CLANG_WARN_RANGE_LOOP_ANALYSIS = YES;
				CLANG_WARN_STRICT_PROTOTYPES = YES;
				CLANG_WARN_SUSPICIOUS_MOVE = YES;
				CLANG_WARN_UNGUARDED_AVAILABILITY = YES_AGGRESSIVE;
				CLANG_WARN_UNREACHABLE_CODE = YES;
				CLANG_WARN__DUPLICATE_METHOD_MATCH = YES;
				COPY_PHASE_STRIP = NO;
				DEBUG_INFORMATION_FORMAT = "dwarf-with-dsym";
				ENABLE_NS_ASSERTIONS = NO;
				ENABLE_STRICT_OBJC_MSGSEND = YES;
				GCC_C_LANGUAGE_STANDARD = gnu11;
				GCC_NO_COMMON_BLOCKS = YES;
				GCC_WARN_64_TO_32_BIT_CONVERSION = YES;
				GCC_WARN_ABOUT_RETURN_TYPE = YES_ERROR;
				GCC_WARN_UNDECLARED_SELECTOR = YES;
				GCC_WARN_UNINITIALIZED_AUTOS = YES_AGGRESSIVE;
				GCC_WARN_UNUSED_FUNCTION = YES;
				GCC_WARN_UNUSED_VARIABLE = YES;
				IPHONEOS_DEPLOYMENT_TARGET = 14.3;
				MTL_ENABLE_DEBUG_INFO = NO;
				MTL_FAST_MATH = YES;
				SDKROOT = iphoneos;
				VALIDATE_PRODUCT = YES;
			};
			name = Release;
		};
		0E68949B2599DC8F008B15BE /* Debug */ = {
			isa = XCBuildConfiguration;
			baseConfigurationReference = EBEC83BA4CEF5108FDEE8615 /* Pods-NIMWhiteBoardWebDemo.debug.xcconfig */;
			buildSettings = {
				ASSETCATALOG_COMPILER_APPICON_NAME = AppIcon;
				ASSETCATALOG_COMPILER_GLOBAL_ACCENT_COLOR_NAME = AccentColor;
				CODE_SIGN_IDENTITY = "iPhone Developer";
				CODE_SIGN_STYLE = Manual;
				DEVELOPMENT_TEAM = 7C9A6NRV5L;
				GCC_PREFIX_HEADER = "$(PROJECT_DIR)/NIMWhiteBoardWebDemo/NIMWhiteBoardWebDemo.pch";
				INFOPLIST_FILE = NIMWhiteBoardWebDemo/Info.plist;
				IPHONEOS_DEPLOYMENT_TARGET = 9.0;
				LD_RUNPATH_SEARCH_PATHS = (
					"$(inherited)",
					"@executable_path/Frameworks",
				);
				PRODUCT_BUNDLE_IDENTIFIER = com.netease.NERtcDemo;
				PRODUCT_NAME = "$(TARGET_NAME)";
				PROVISIONING_PROFILE_SPECIFIER = NERtcDemo;
				TARGETED_DEVICE_FAMILY = "1,2";
			};
			name = Debug;
		};
		0E68949C2599DC8F008B15BE /* Release */ = {
			isa = XCBuildConfiguration;
			baseConfigurationReference = 23D6F96174508A76CD4A3758 /* Pods-NIMWhiteBoardWebDemo.release.xcconfig */;
			buildSettings = {
				ASSETCATALOG_COMPILER_APPICON_NAME = AppIcon;
				ASSETCATALOG_COMPILER_GLOBAL_ACCENT_COLOR_NAME = AccentColor;
				CODE_SIGN_IDENTITY = "iPhone Distribution";
				CODE_SIGN_STYLE = Manual;
				DEVELOPMENT_TEAM = 569GNZ5392;
				GCC_PREFIX_HEADER = "$(PROJECT_DIR)/NIMWhiteBoardWebDemo/NIMWhiteBoardWebDemo.pch";
				INFOPLIST_FILE = NIMWhiteBoardWebDemo/Info.plist;
				IPHONEOS_DEPLOYMENT_TARGET = 9.0;
				LD_RUNPATH_SEARCH_PATHS = (
					"$(inherited)",
					"@executable_path/Frameworks",
				);
				PRODUCT_BUNDLE_IDENTIFIER = com.netease.NIMEducationDemo;
				PRODUCT_NAME = "$(TARGET_NAME)";
				PROVISIONING_PROFILE_SPECIFIER = "neteaseWildCard(569GNZ5392.com.netease.*)";
				TARGETED_DEVICE_FAMILY = "1,2";
			};
			name = Release;
		};
		0E9FE0C8259B226F0055C802 /* Debug */ = {
			isa = XCBuildConfiguration;
			buildSettings = {
				CODE_SIGN_STYLE = Automatic;
				CURRENT_PROJECT_VERSION = 1;
				DEFINES_MODULE = YES;
				DEVELOPMENT_TEAM = 569GNZ5392;
				DYLIB_COMPATIBILITY_VERSION = 1;
				DYLIB_CURRENT_VERSION = 1;
				DYLIB_INSTALL_NAME_BASE = "@rpath";
				INFOPLIST_FILE = NMCWhiteboard/Info.plist;
				INSTALL_PATH = "$(LOCAL_LIBRARY_DIR)/Frameworks";
				IPHONEOS_DEPLOYMENT_TARGET = 9.0;
				LD_RUNPATH_SEARCH_PATHS = (
					"$(inherited)",
					"@executable_path/Frameworks",
					"@loader_path/Frameworks",
				);
				PRODUCT_BUNDLE_IDENTIFIER = com.test.test.NMCWhiteboard;
				PRODUCT_NAME = "$(TARGET_NAME:c99extidentifier)";
				SKIP_INSTALL = YES;
				TARGETED_DEVICE_FAMILY = "1,2";
				VERSIONING_SYSTEM = "apple-generic";
				VERSION_INFO_PREFIX = "";
			};
			name = Debug;
		};
		0E9FE0C9259B226F0055C802 /* Release */ = {
			isa = XCBuildConfiguration;
			buildSettings = {
				CODE_SIGN_STYLE = Automatic;
				CURRENT_PROJECT_VERSION = 1;
				DEFINES_MODULE = YES;
				DEVELOPMENT_TEAM = 569GNZ5392;
				DYLIB_COMPATIBILITY_VERSION = 1;
				DYLIB_CURRENT_VERSION = 1;
				DYLIB_INSTALL_NAME_BASE = "@rpath";
				INFOPLIST_FILE = NMCWhiteboard/Info.plist;
				INSTALL_PATH = "$(LOCAL_LIBRARY_DIR)/Frameworks";
				IPHONEOS_DEPLOYMENT_TARGET = 9.0;
				LD_RUNPATH_SEARCH_PATHS = (
					"$(inherited)",
					"@executable_path/Frameworks",
					"@loader_path/Frameworks",
				);
				PRODUCT_BUNDLE_IDENTIFIER = com.test.test.NMCWhiteboard;
				PRODUCT_NAME = "$(TARGET_NAME:c99extidentifier)";
				SKIP_INSTALL = YES;
				TARGETED_DEVICE_FAMILY = "1,2";
				VERSIONING_SYSTEM = "apple-generic";
				VERSION_INFO_PREFIX = "";
			};
			name = Release;
		};
/* End XCBuildConfiguration section */

/* Begin XCConfigurationList section */
		0E6894662599DC8F008B15BE /* Build configuration list for PBXProject "NIMWhiteBoardWebDemo" */ = {
			isa = XCConfigurationList;
			buildConfigurations = (
				0E6894982599DC8F008B15BE /* Debug */,
				0E6894992599DC8F008B15BE /* Release */,
			);
			defaultConfigurationIsVisible = 0;
			defaultConfigurationName = Release;
		};
		0E68949A2599DC8F008B15BE /* Build configuration list for PBXNativeTarget "NIMWhiteBoardWebDemo" */ = {
			isa = XCConfigurationList;
			buildConfigurations = (
				0E68949B2599DC8F008B15BE /* Debug */,
				0E68949C2599DC8F008B15BE /* Release */,
			);
			defaultConfigurationIsVisible = 0;
			defaultConfigurationName = Release;
		};
		0E9FE0C7259B226F0055C802 /* Build configuration list for PBXNativeTarget "NMCWhiteboard" */ = {
			isa = XCConfigurationList;
			buildConfigurations = (
				0E9FE0C8259B226F0055C802 /* Debug */,
				0E9FE0C9259B226F0055C802 /* Release */,
			);
			defaultConfigurationIsVisible = 0;
			defaultConfigurationName = Release;
		};
/* End XCConfigurationList section */
	};
	rootObject = 0E6894632599DC8F008B15BE /* Project object */;
}
